// !$*UTF8*$!
{
	archiveVersion = 1;
	classes = {
	};
	objectVersion = 46;
	objects = {

/* Begin PBXBuildFile section */
		42B318970640CB10494D83F2 /* Pods_ink_Swift.framework in Frameworks */ = {isa = PBXBuildFile; fileRef = 5E7992E9379EF2F3A54DED7C /* Pods_ink_Swift.framework */; };
		BA056F4E1EEEC8FE0002AA33 /* Sort.swift in Sources */ = {isa = PBXBuildFile; fileRef = BA056F4B1EEEC8FE0002AA33 /* Sort.swift */; };
		BA056F4F1EEEC8FE0002AA33 /* SortClass.swift in Sources */ = {isa = PBXBuildFile; fileRef = BA056F4C1EEEC8FE0002AA33 /* SortClass.swift */; };
		BA056F501EEEC8FE0002AA33 /* SortView.swift in Sources */ = {isa = PBXBuildFile; fileRef = BA056F4D1EEEC8FE0002AA33 /* SortView.swift */; };
		BA056F531EEEC9140002AA33 /* SortViewController.swift in Sources */ = {isa = PBXBuildFile; fileRef = BA056F511EEEC9140002AA33 /* SortViewController.swift */; };
		BA056F541EEEC9140002AA33 /* SortViewController.xib in Resources */ = {isa = PBXBuildFile; fileRef = BA056F521EEEC9140002AA33 /* SortViewController.xib */; };
		BA4F0A741EE2E24C0075534E /* InkExportViewController.swift in Sources */ = {isa = PBXBuildFile; fileRef = BA4F0A721EE2E24C0075534E /* InkExportViewController.swift */; };
		BA4F0A751EE2E24C0075534E /* InkExportViewController.xib in Resources */ = {isa = PBXBuildFile; fileRef = BA4F0A731EE2E24C0075534E /* InkExportViewController.xib */; };
		BA4F0A831EE2E59E0075534E /* IeeExportViewController.swift in Sources */ = {isa = PBXBuildFile; fileRef = BA4F0A811EE2E59E0075534E /* IeeExportViewController.swift */; };
		BA4F0A841EE2E59E0075534E /* IeeExportViewController.xib in Resources */ = {isa = PBXBuildFile; fileRef = BA4F0A821EE2E59E0075534E /* IeeExportViewController.xib */; };
		BA4F0A931EE2E8BD0075534E /* djTux.png in Resources */ = {isa = PBXBuildFile; fileRef = BA4F0A881EE2E8BD0075534E /* djTux.png */; };
		BA4F0A941EE2E8BD0075534E /* einsteinTux.png in Resources */ = {isa = PBXBuildFile; fileRef = BA4F0A891EE2E8BD0075534E /* einsteinTux.png */; };
		BA4F0A951EE2E8BD0075534E /* indianaTux.png in Resources */ = {isa = PBXBuildFile; fileRef = BA4F0A8A1EE2E8BD0075534E /* indianaTux.png */; };
		BA4F0A971EE2E8BD0075534E /* matrixTux.png in Resources */ = {isa = PBXBuildFile; fileRef = BA4F0A8C1EE2E8BD0075534E /* matrixTux.png */; };
		BA4F0A981EE2E8BD0075534E /* Property List.plist in Resources */ = {isa = PBXBuildFile; fileRef = BA4F0A8D1EE2E8BD0075534E /* Property List.plist */; };
		BA4F0A991EE2E8BD0075534E /* ramboTux.png in Resources */ = {isa = PBXBuildFile; fileRef = BA4F0A8E1EE2E8BD0075534E /* ramboTux.png */; };
		BA4F0A9A1EE2E8BD0075534E /* samouraiTux.png in Resources */ = {isa = PBXBuildFile; fileRef = BA4F0A8F1EE2E8BD0075534E /* samouraiTux.png */; };
		BA4F0A9B1EE2E8BD0075534E /* scienceTux.png in Resources */ = {isa = PBXBuildFile; fileRef = BA4F0A901EE2E8BD0075534E /* scienceTux.png */; };
		BA4F0A9C1EE2E8BD0075534E /* yodaTux.png in Resources */ = {isa = PBXBuildFile; fileRef = BA4F0A911EE2E8BD0075534E /* yodaTux.png */; };
		BA4F0A9F1EE2E9230075534E /* InkLee2ViewController.swift in Sources */ = {isa = PBXBuildFile; fileRef = BA4F0A9D1EE2E9230075534E /* InkLee2ViewController.swift */; };
		BA4F0AA01EE2E9230075534E /* InkLee2ViewController.xib in Resources */ = {isa = PBXBuildFile; fileRef = BA4F0A9E1EE2E9230075534E /* InkLee2ViewController.xib */; };
		BA4F0B041EE304E90075534E /* PagedBasedApp.storyboard in Resources */ = {isa = PBXBuildFile; fileRef = BA4F0AFB1EE304E90075534E /* PagedBasedApp.storyboard */; };
		BA4F0B051EE304E90075534E /* DataViewController.swift in Sources */ = {isa = PBXBuildFile; fileRef = BA4F0AFD1EE304E90075534E /* DataViewController.swift */; };
		BA4F0B081EE304E90075534E /* ModelController.swift in Sources */ = {isa = PBXBuildFile; fileRef = BA4F0B001EE304E90075534E /* ModelController.swift */; };
		BA4F0B091EE304E90075534E /* RootViewController.swift in Sources */ = {isa = PBXBuildFile; fileRef = BA4F0B011EE304E90075534E /* RootViewController.swift */; };
		BA4F0B0D1EE306C90075534E /* SpotifyExampleViewController.swift in Sources */ = {isa = PBXBuildFile; fileRef = BA4F0B0B1EE306C90075534E /* SpotifyExampleViewController.swift */; };
		BA4F0B0E1EE306C90075534E /* SpotifyExampleViewController.xib in Resources */ = {isa = PBXBuildFile; fileRef = BA4F0B0C1EE306C90075534E /* SpotifyExampleViewController.xib */; };
		BA4F0B121EE308280075534E /* ChildExampleViewController.swift in Sources */ = {isa = PBXBuildFile; fileRef = BA4F0B101EE308280075534E /* ChildExampleViewController.swift */; };
		BA4F0B131EE308280075534E /* TableChildExampleViewController.swift in Sources */ = {isa = PBXBuildFile; fileRef = BA4F0B111EE308280075534E /* TableChildExampleViewController.swift */; };
		BA4F0B181EE3085B0075534E /* DataProvider.swift in Sources */ = {isa = PBXBuildFile; fileRef = BA4F0B151EE3085B0075534E /* DataProvider.swift */; };
		BA4F0B191EE3085B0075534E /* PostCell.swift in Sources */ = {isa = PBXBuildFile; fileRef = BA4F0B161EE3085B0075534E /* PostCell.swift */; };
		BA4F0B1A1EE3085B0075534E /* PostCell.xib in Resources */ = {isa = PBXBuildFile; fileRef = BA4F0B171EE3085B0075534E /* PostCell.xib */; };
		BA4F0B1C1EE30B130075534E /* Assets.xcassets in Resources */ = {isa = PBXBuildFile; fileRef = BA4F0B1B1EE30B130075534E /* Assets.xcassets */; };
		BA4F0B1F1EE30B9F0075534E /* YoutubeIconCell.swift in Sources */ = {isa = PBXBuildFile; fileRef = BA4F0B1D1EE30B9F0075534E /* YoutubeIconCell.swift */; };
		BA4F0B201EE30B9F0075534E /* YoutubeIconCell.xib in Resources */ = {isa = PBXBuildFile; fileRef = BA4F0B1E1EE30B9F0075534E /* YoutubeIconCell.xib */; };
		BA4F0B271EE30F4B0075534E /* InstagramExampleViewController.swift in Sources */ = {isa = PBXBuildFile; fileRef = BA4F0B251EE30F4B0075534E /* InstagramExampleViewController.swift */; };
		BA4F0B281EE30F4B0075534E /* InstagramExampleViewController.xib in Resources */ = {isa = PBXBuildFile; fileRef = BA4F0B261EE30F4B0075534E /* InstagramExampleViewController.xib */; };
		BA8989C71EFF6B0800F8C2F3 /* TSRxDiscoverViewController.swift in Sources */ = {isa = PBXBuildFile; fileRef = BA8989C51EFF6B0800F8C2F3 /* TSRxDiscoverViewController.swift */; };
		BA8989C81EFF6B0800F8C2F3 /* TSRxDiscoverViewController.xib in Resources */ = {isa = PBXBuildFile; fileRef = BA8989C61EFF6B0800F8C2F3 /* TSRxDiscoverViewController.xib */; };
		BA8989CC1EFF9FDA00F8C2F3 /* NumbersViewController.swift in Sources */ = {isa = PBXBuildFile; fileRef = BA8989CA1EFF9FDA00F8C2F3 /* NumbersViewController.swift */; };
		BA8989CD1EFF9FDA00F8C2F3 /* NumbersViewController.xib in Resources */ = {isa = PBXBuildFile; fileRef = BA8989CB1EFF9FDA00F8C2F3 /* NumbersViewController.xib */; };
		BA8989D01EFFA2E900F8C2F3 /* SimpleValidationViewController.swift in Sources */ = {isa = PBXBuildFile; fileRef = BA8989CE1EFFA2E900F8C2F3 /* SimpleValidationViewController.swift */; };
		BA8989D11EFFA2E900F8C2F3 /* SimpleValidationViewController.xib in Resources */ = {isa = PBXBuildFile; fileRef = BA8989CF1EFFA2E900F8C2F3 /* SimpleValidationViewController.xib */; };
		BA8989D41EFFA51B00F8C2F3 /* CalculatorViewController.swift in Sources */ = {isa = PBXBuildFile; fileRef = BA8989D21EFFA51B00F8C2F3 /* CalculatorViewController.swift */; };
		BA8989D71EFFA54100F8C2F3 /* Calculator.swift in Sources */ = {isa = PBXBuildFile; fileRef = BA8989D61EFFA54100F8C2F3 /* Calculator.swift */; };
		BA8989D91EFFA58000F8C2F3 /* Calculator.storyboard in Resources */ = {isa = PBXBuildFile; fileRef = BA8989D81EFFA58000F8C2F3 /* Calculator.storyboard */; };
		BA8989DB1EFFA63400F8C2F3 /* Observable+Extensions.swift in Sources */ = {isa = PBXBuildFile; fileRef = BA8989DA1EFFA63400F8C2F3 /* Observable+Extensions.swift */; };
		BAB4DE3E1EE286A800D26678 /* AppDelegate.swift in Sources */ = {isa = PBXBuildFile; fileRef = BAB4DE3D1EE286A800D26678 /* AppDelegate.swift */; };
		BAB4DE401EE286A800D26678 /* ViewController.swift in Sources */ = {isa = PBXBuildFile; fileRef = BAB4DE3F1EE286A800D26678 /* ViewController.swift */; };
		BAB4DE431EE286A800D26678 /* Main.storyboard in Resources */ = {isa = PBXBuildFile; fileRef = BAB4DE411EE286A800D26678 /* Main.storyboard */; };
		BAB4DE451EE286A800D26678 /* Assets.xcassets in Resources */ = {isa = PBXBuildFile; fileRef = BAB4DE441EE286A800D26678 /* Assets.xcassets */; };
		BAB4DE481EE286A800D26678 /* LaunchScreen.storyboard in Resources */ = {isa = PBXBuildFile; fileRef = BAB4DE461EE286A800D26678 /* LaunchScreen.storyboard */; };
		BAB7C3471F00C0D8006B8D22 /* TSAppCodaViewController.swift in Sources */ = {isa = PBXBuildFile; fileRef = BAB7C3451F00C0D8006B8D22 /* TSAppCodaViewController.swift */; };
		BAB7C3481F00C0D8006B8D22 /* TSAppCodaViewController.xib in Resources */ = {isa = PBXBuildFile; fileRef = BAB7C3461F00C0D8006B8D22 /* TSAppCodaViewController.xib */; };
		BAB7C3541F00D6EE006B8D22 /* AnimalTableTableViewController.swift in Sources */ = {isa = PBXBuildFile; fileRef = BAB7C3521F00D6EE006B8D22 /* AnimalTableTableViewController.swift */; };
		BAB7C3571F00DB23006B8D22 /* ArticleTableViewController.swift in Sources */ = {isa = PBXBuildFile; fileRef = BAB7C3561F00DB23006B8D22 /* ArticleTableViewController.swift */; };
		BAB7C3591F00DB51006B8D22 /* Assets.xcassets in Resources */ = {isa = PBXBuildFile; fileRef = BAB7C3581F00DB51006B8D22 /* Assets.xcassets */; };
		BAB7C3621F00DCBE006B8D22 /* Article2TableViewCell.swift in Sources */ = {isa = PBXBuildFile; fileRef = BAB7C3601F00DCBE006B8D22 /* Article2TableViewCell.swift */; };
		BAB7C3631F00DCBE006B8D22 /* Article2TableViewCell.xib in Resources */ = {isa = PBXBuildFile; fileRef = BAB7C3611F00DCBE006B8D22 /* Article2TableViewCell.xib */; };
		BAB7C3651F00E020006B8D22 /* KivaLoanTableViewController.swift in Sources */ = {isa = PBXBuildFile; fileRef = BAB7C3641F00E020006B8D22 /* KivaLoanTableViewController.swift */; };
		BAB7C3681F00E043006B8D22 /* KivaLoanTableViewCell.swift in Sources */ = {isa = PBXBuildFile; fileRef = BAB7C3661F00E043006B8D22 /* KivaLoanTableViewCell.swift */; };
		BAB7C3691F00E043006B8D22 /* KivaLoanTableViewCell.xib in Resources */ = {isa = PBXBuildFile; fileRef = BAB7C3671F00E043006B8D22 /* KivaLoanTableViewCell.xib */; };
		BAB7C36B1F00E0E5006B8D22 /* Loan.swift in Sources */ = {isa = PBXBuildFile; fileRef = BAB7C36A1F00E0E5006B8D22 /* Loan.swift */; };
		BABB9D3D1EE3ADEF00EF9071 /* SegmentedExampleViewController.swift in Sources */ = {isa = PBXBuildFile; fileRef = BABB9D3B1EE3ADEF00EF9071 /* SegmentedExampleViewController.swift */; };
		BABB9D3E1EE3ADEF00EF9071 /* SegmentedExampleViewController.xib in Resources */ = {isa = PBXBuildFile; fileRef = BABB9D3C1EE3ADEF00EF9071 /* SegmentedExampleViewController.xib */; };
		BAD53D6D1EF020E500292BF2 /* Hero.swift in Sources */ = {isa = PBXBuildFile; fileRef = BAD53D631EF020E500292BF2 /* Hero.swift */; };
		BAD53D6E1EF020E500292BF2 /* heros.plist in Resources */ = {isa = PBXBuildFile; fileRef = BAD53D641EF020E500292BF2 /* heros.plist */; };
		BAD53D6F1EF020E500292BF2 /* LoginViewController.swift in Sources */ = {isa = PBXBuildFile; fileRef = BAD53D651EF020E500292BF2 /* LoginViewController.swift */; };
		BAD53D701EF020E500292BF2 /* LoginViewModel.swift in Sources */ = {isa = PBXBuildFile; fileRef = BAD53D661EF020E500292BF2 /* LoginViewModel.swift */; };
		BAD53D711EF020E500292BF2 /* Protocol.swift in Sources */ = {isa = PBXBuildFile; fileRef = BAD53D671EF020E500292BF2 /* Protocol.swift */; };
		BAD53D721EF020E500292BF2 /* RegisterViewController.swift in Sources */ = {isa = PBXBuildFile; fileRef = BAD53D681EF020E500292BF2 /* RegisterViewController.swift */; };
		BAD53D731EF020E500292BF2 /* RegisterViewModel.swift in Sources */ = {isa = PBXBuildFile; fileRef = BAD53D691EF020E500292BF2 /* RegisterViewModel.swift */; };
		BAD53D741EF020E500292BF2 /* Service.swift in Sources */ = {isa = PBXBuildFile; fileRef = BAD53D6A1EF020E500292BF2 /* Service.swift */; };
		BAD53D761EF0212C00292BF2 /* RegisterViewController.xib in Resources */ = {isa = PBXBuildFile; fileRef = BAD53D751EF0212C00292BF2 /* RegisterViewController.xib */; };
		BAD53D781EF0266B00292BF2 /* LoginViewController.xib in Resources */ = {isa = PBXBuildFile; fileRef = BAD53D771EF0266B00292BF2 /* LoginViewController.xib */; };
		BAD53D821EF0435600292BF2 /* CodeViewController.swift in Sources */ = {isa = PBXBuildFile; fileRef = BAD53D7E1EF0435600292BF2 /* CodeViewController.swift */; };
		BAD53D831EF0435600292BF2 /* OptionsViewController.swift in Sources */ = {isa = PBXBuildFile; fileRef = BAD53D7F1EF0435600292BF2 /* OptionsViewController.swift */; };
		BAD53D841EF0435600292BF2 /* Spring.storyboard in Resources */ = {isa = PBXBuildFile; fileRef = BAD53D801EF0435600292BF2 /* Spring.storyboard */; };
		BAD53D851EF0435600292BF2 /* SpringViewController.swift in Sources */ = {isa = PBXBuildFile; fileRef = BAD53D811EF0435600292BF2 /* SpringViewController.swift */; };
		BAFF097E1EE2930D003A351D /* Assets.xcassets in Resources */ = {isa = PBXBuildFile; fileRef = BAFF08D21EE2930C003A351D /* Assets.xcassets */; };
		BAFF097F1EE2930D003A351D /* LaunchScreen.storyboard in Resources */ = {isa = PBXBuildFile; fileRef = BAFF08D41EE2930C003A351D /* LaunchScreen.storyboard */; };
		BAFF09801EE2930D003A351D /* Main.storyboard in Resources */ = {isa = PBXBuildFile; fileRef = BAFF08D61EE2930C003A351D /* Main.storyboard */; };
		BAFF09B61EE2930D003A351D /* HttpManager+UploadAudio.swift in Sources */ = {isa = PBXBuildFile; fileRef = BAFF09151EE2930C003A351D /* HttpManager+UploadAudio.swift */; };
		BAFF09B71EE2930D003A351D /* HttpManager+UploadImage.swift in Sources */ = {isa = PBXBuildFile; fileRef = BAFF09161EE2930C003A351D /* HttpManager+UploadImage.swift */; };
		BAFF09B81EE2930D003A351D /* HttpManager.swift in Sources */ = {isa = PBXBuildFile; fileRef = BAFF09171EE2930C003A351D /* HttpManager.swift */; };
		BAFF09B91EE2930D003A351D /* TSResponseSerializer.swift in Sources */ = {isa = PBXBuildFile; fileRef = BAFF09181EE2930C003A351D /* TSResponseSerializer.swift */; };
		BAFF09BD1EE2930D003A351D /* TSMessageModel.swift in Sources */ = {isa = PBXBuildFile; fileRef = BAFF091D1EE2930C003A351D /* TSMessageModel.swift */; };
		BAFF09BE1EE2930D003A351D /* TSModel.swift in Sources */ = {isa = PBXBuildFile; fileRef = BAFF091E1EE2930C003A351D /* TSModel.swift */; };
		BAFF09BF1EE2930D003A351D /* TSModelTransformer.swift in Sources */ = {isa = PBXBuildFile; fileRef = BAFF091F1EE2930C003A351D /* TSModelTransformer.swift */; };
		BAFF09C01EE2930D003A351D /* TSUploadModel.swift in Sources */ = {isa = PBXBuildFile; fileRef = BAFF09201EE2930C003A351D /* TSUploadModel.swift */; };
		BAFF09C11EE2930D003A351D /* TSApplicationManager.swift in Sources */ = {isa = PBXBuildFile; fileRef = BAFF09211EE2930C003A351D /* TSApplicationManager.swift */; };
		BAFF09C31EE2930D003A351D /* TSUserManager.swift in Sources */ = {isa = PBXBuildFile; fileRef = BAFF09231EE2930C003A351D /* TSUserManager.swift */; };
		BAFF09C41EE2930D003A351D /* TSDiscoverViewController.swift in Sources */ = {isa = PBXBuildFile; fileRef = BAFF09251EE2930C003A351D /* TSDiscoverViewController.swift */; };
		BAFF09C51EE2930D003A351D /* TSDiscoverViewController.xib in Resources */ = {isa = PBXBuildFile; fileRef = BAFF09261EE2930C003A351D /* TSDiscoverViewController.xib */; };
		BAFF09C61EE2930D003A351D /* TSImageTextTableViewCell.swift in Sources */ = {isa = PBXBuildFile; fileRef = BAFF09271EE2930C003A351D /* TSImageTextTableViewCell.swift */; };
		BAFF09C71EE2930D003A351D /* TSImageTextTableViewCell.xib in Resources */ = {isa = PBXBuildFile; fileRef = BAFF09281EE2930C003A351D /* TSImageTextTableViewCell.xib */; };
		BAFF09D51EE2930D003A351D /* TSFullyHorizontalFlowLayout.swift in Sources */ = {isa = PBXBuildFile; fileRef = BAFF093D1EE2930C003A351D /* TSFullyHorizontalFlowLayout.swift */; };
		BAFF09D61EE2930D003A351D /* TSGlobalHelper.swift in Sources */ = {isa = PBXBuildFile; fileRef = BAFF093E1EE2930C003A351D /* TSGlobalHelper.swift */; };
		BAFF09D71EE2930D003A351D /* TSImagePicker.swift in Sources */ = {isa = PBXBuildFile; fileRef = BAFF093F1EE2930C003A351D /* TSImagePicker.swift */; };
		BAFF09D81EE2930D003A351D /* TSLogger.swift in Sources */ = {isa = PBXBuildFile; fileRef = BAFF09401EE2930C003A351D /* TSLogger.swift */; };
		BAFF09DA1EE2930D003A351D /* TSProgressHUD.swift in Sources */ = {isa = PBXBuildFile; fileRef = BAFF09421EE2930C003A351D /* TSProgressHUD.swift */; };
		BAFF09DB1EE2930D003A351D /* TSUIColor+WeChat.swift in Sources */ = {isa = PBXBuildFile; fileRef = BAFF09431EE2930C003A351D /* TSUIColor+WeChat.swift */; };
		BAFF09DC1EE2930D003A351D /* TSUIImage+WeChat.swift in Sources */ = {isa = PBXBuildFile; fileRef = BAFF09441EE2930C003A351D /* TSUIImage+WeChat.swift */; };
		BAFF09DD1EE2930D003A351D /* TSUIImageVIew+WeChat.swift in Sources */ = {isa = PBXBuildFile; fileRef = BAFF09451EE2930C003A351D /* TSUIImageVIew+WeChat.swift */; };
		BAFF09DE1EE2930D003A351D /* AboutApp.swift in Sources */ = {isa = PBXBuildFile; fileRef = BAFF09471EE2930C003A351D /* AboutApp.swift */; };
		BAFF09DF1EE2930D003A351D /* NSDate+Extension.swift in Sources */ = {isa = PBXBuildFile; fileRef = BAFF09481EE2930C003A351D /* NSDate+Extension.swift */; };
		BAFF09E01EE2930D003A351D /* NSDictionary+Extension.swift in Sources */ = {isa = PBXBuildFile; fileRef = BAFF09491EE2930C003A351D /* NSDictionary+Extension.swift */; };
		BAFF09E11EE2930D003A351D /* NSObject+String.swift in Sources */ = {isa = PBXBuildFile; fileRef = BAFF094A1EE2930C003A351D /* NSObject+String.swift */; };
		BAFF09E21EE2930D003A351D /* PHAsset+Extension.swift in Sources */ = {isa = PBXBuildFile; fileRef = BAFF094B1EE2930C003A351D /* PHAsset+Extension.swift */; };
		BAFF09E31EE2930D003A351D /* UIBarButtonItem+Block.swift in Sources */ = {isa = PBXBuildFile; fileRef = BAFF094C1EE2930C003A351D /* UIBarButtonItem+Block.swift */; };
		BAFF09E41EE2930D003A351D /* UISearchBar+Extension.swift in Sources */ = {isa = PBXBuildFile; fileRef = BAFF094D1EE2930C003A351D /* UISearchBar+Extension.swift */; };
		BAFF09E51EE2930D003A351D /* UIView+Frame.swift in Sources */ = {isa = PBXBuildFile; fileRef = BAFF094E1EE2930C003A351D /* UIView+Frame.swift */; };
		BAFF09E61EE2930D003A351D /* UIViewController+Extension.swift in Sources */ = {isa = PBXBuildFile; fileRef = BAFF094F1EE2930C003A351D /* UIViewController+Extension.swift */; };
		BAFF09E71EE2930D003A351D /* TSAppMacro.swift in Sources */ = {isa = PBXBuildFile; fileRef = BAFF09511EE2930C003A351D /* TSAppMacro.swift */; };
		BAFF09E81EE2930D003A351D /* TSConfig.swift in Sources */ = {isa = PBXBuildFile; fileRef = BAFF09521EE2930C003A351D /* TSConfig.swift */; };
		BAFF09E91EE2930D003A351D /* RAMBounceAnimation.swift in Sources */ = {isa = PBXBuildFile; fileRef = BAFF09561EE2930D003A351D /* RAMBounceAnimation.swift */; };
		BAFF09EA1EE2930D003A351D /* RAMFrameItemAnimation.swift in Sources */ = {isa = PBXBuildFile; fileRef = BAFF09581EE2930D003A351D /* RAMFrameItemAnimation.swift */; };
		BAFF09EB1EE2930D003A351D /* RAMFumeAnimation.swift in Sources */ = {isa = PBXBuildFile; fileRef = BAFF095A1EE2930D003A351D /* RAMFumeAnimation.swift */; };
		BAFF09EC1EE2930D003A351D /* RAMRotationAnimation.swift in Sources */ = {isa = PBXBuildFile; fileRef = BAFF095C1EE2930D003A351D /* RAMRotationAnimation.swift */; };
		BAFF09ED1EE2930D003A351D /* RAMTransitionItemAnimations.swift in Sources */ = {isa = PBXBuildFile; fileRef = BAFF095E1EE2930D003A351D /* RAMTransitionItemAnimations.swift */; };
		BAFF09EE1EE2930D003A351D /* RAMAnimatedTabBarController.swift in Sources */ = {isa = PBXBuildFile; fileRef = BAFF095F1EE2930D003A351D /* RAMAnimatedTabBarController.swift */; };
		BAFF09EF1EE2930D003A351D /* RAMBadge.swift in Sources */ = {isa = PBXBuildFile; fileRef = BAFF09611EE2930D003A351D /* RAMBadge.swift */; };
		BAFF09F01EE2930D003A351D /* RAMItemAnimationProtocol.swift in Sources */ = {isa = PBXBuildFile; fileRef = BAFF09621EE2930D003A351D /* RAMItemAnimationProtocol.swift */; };
		BAFF09F11EE2930D003A351D /* ToolsAnimation.plist in Resources */ = {isa = PBXBuildFile; fileRef = BAFF09631EE2930D003A351D /* ToolsAnimation.plist */; };
		BAFF09F21EE2930D003A351D /* Assets.xcassets in Resources */ = {isa = PBXBuildFile; fileRef = BAFF09651EE2930D003A351D /* Assets.xcassets */; };
		BAFF09F31EE2930D003A351D /* beep.wav in Resources */ = {isa = PBXBuildFile; fileRef = BAFF09671EE2930D003A351D /* beep.wav */; };
		BAFF09F41EE2930D003A351D /* call.caf in Resources */ = {isa = PBXBuildFile; fileRef = BAFF09681EE2930D003A351D /* call.caf */; };
		BAFF09F51EE2930D003A351D /* camera.wav in Resources */ = {isa = PBXBuildFile; fileRef = BAFF09691EE2930D003A351D /* camera.wav */; };
		BAFF09F61EE2930D003A351D /* close.wav in Resources */ = {isa = PBXBuildFile; fileRef = BAFF096A1EE2930D003A351D /* close.wav */; };
		BAFF09F71EE2930D003A351D /* hello.amr in Resources */ = {isa = PBXBuildFile; fileRef = BAFF096B1EE2930D003A351D /* hello.amr */; };
		BAFF09F81EE2930D003A351D /* msg.caf in Resources */ = {isa = PBXBuildFile; fileRef = BAFF096C1EE2930D003A351D /* msg.caf */; };
		BAFF09F91EE2930D003A351D /* msgtoolong.wav in Resources */ = {isa = PBXBuildFile; fileRef = BAFF096D1EE2930D003A351D /* msgtoolong.wav */; };
		BAFF09FA1EE2930D003A351D /* pstncall.mp3 in Resources */ = {isa = PBXBuildFile; fileRef = BAFF096E1EE2930D003A351D /* pstncall.mp3 */; };
		BAFF09FB1EE2930D003A351D /* sendmsg.caf in Resources */ = {isa = PBXBuildFile; fileRef = BAFF096F1EE2930D003A351D /* sendmsg.caf */; };
		BAFF09FC1EE2930D003A351D /* shake_match.wav in Resources */ = {isa = PBXBuildFile; fileRef = BAFF09701EE2930D003A351D /* shake_match.wav */; };
		BAFF09FD1EE2930D003A351D /* shake_nomatch.wav in Resources */ = {isa = PBXBuildFile; fileRef = BAFF09711EE2930D003A351D /* shake_nomatch.wav */; };
		BAFF09FE1EE2930D003A351D /* shake_sound_male.wav in Resources */ = {isa = PBXBuildFile; fileRef = BAFF09721EE2930D003A351D /* shake_sound_male.wav */; };
		BAFF09FF1EE2930D003A351D /* country_code.txt in Resources */ = {isa = PBXBuildFile; fileRef = BAFF09731EE2930D003A351D /* country_code.txt */; };
		BAFF0A001EE2930D003A351D /* Expression.bundle in Resources */ = {isa = PBXBuildFile; fileRef = BAFF09741EE2930D003A351D /* Expression.bundle */; };
		BAFF0A011EE2930D003A351D /* Expression.plist in Resources */ = {isa = PBXBuildFile; fileRef = BAFF09751EE2930D003A351D /* Expression.plist */; };
		BAFF0A021EE2930D003A351D /* chat.json in Resources */ = {isa = PBXBuildFile; fileRef = BAFF09771EE2930D003A351D /* chat.json */; };
		BAFF0A031EE2930D003A351D /* contact.json in Resources */ = {isa = PBXBuildFile; fileRef = BAFF09781EE2930D003A351D /* contact.json */; };
		BAFF0A041EE2930D003A351D /* message.json in Resources */ = {isa = PBXBuildFile; fileRef = BAFF09791EE2930D003A351D /* message.json */; };
		BAFF0A051EE2930D003A351D /* moments.json in Resources */ = {isa = PBXBuildFile; fileRef = BAFF097A1EE2930D003A351D /* moments.json */; };
		BAFF0A061EE2930D003A351D /* Kenny.jpg in Resources */ = {isa = PBXBuildFile; fileRef = BAFF097B1EE2930D003A351D /* Kenny.jpg */; };
		BAFF0A071EE2930D003A351D /* Media.xcassets in Resources */ = {isa = PBXBuildFile; fileRef = BAFF097C1EE2930D003A351D /* Media.xcassets */; };
/* End PBXBuildFile section */

/* Begin PBXFileReference section */
		5E7992E9379EF2F3A54DED7C /* Pods_ink_Swift.framework */ = {isa = PBXFileReference; explicitFileType = wrapper.framework; includeInIndex = 0; path = Pods_ink_Swift.framework; sourceTree = BUILT_PRODUCTS_DIR; };
		9BBEEBDE126F0E6C342F9BF3 /* Pods-ink_Swift.release.xcconfig */ = {isa = PBXFileReference; includeInIndex = 1; lastKnownFileType = text.xcconfig; name = "Pods-ink_Swift.release.xcconfig"; path = "Pods/Target Support Files/Pods-ink_Swift/Pods-ink_Swift.release.xcconfig"; sourceTree = "<group>"; };
		BA056F4B1EEEC8FE0002AA33 /* Sort.swift */ = {isa = PBXFileReference; fileEncoding = 4; lastKnownFileType = sourcecode.swift; path = Sort.swift; sourceTree = "<group>"; };
		BA056F4C1EEEC8FE0002AA33 /* SortClass.swift */ = {isa = PBXFileReference; fileEncoding = 4; lastKnownFileType = sourcecode.swift; path = SortClass.swift; sourceTree = "<group>"; };
		BA056F4D1EEEC8FE0002AA33 /* SortView.swift */ = {isa = PBXFileReference; fileEncoding = 4; lastKnownFileType = sourcecode.swift; path = SortView.swift; sourceTree = "<group>"; };
		BA056F511EEEC9140002AA33 /* SortViewController.swift */ = {isa = PBXFileReference; fileEncoding = 4; lastKnownFileType = sourcecode.swift; path = SortViewController.swift; sourceTree = "<group>"; };
		BA056F521EEEC9140002AA33 /* SortViewController.xib */ = {isa = PBXFileReference; fileEncoding = 4; lastKnownFileType = file.xib; path = SortViewController.xib; sourceTree = "<group>"; };
		BA4F0A721EE2E24C0075534E /* InkExportViewController.swift */ = {isa = PBXFileReference; fileEncoding = 4; lastKnownFileType = sourcecode.swift; path = InkExportViewController.swift; sourceTree = "<group>"; };
		BA4F0A731EE2E24C0075534E /* InkExportViewController.xib */ = {isa = PBXFileReference; fileEncoding = 4; lastKnownFileType = file.xib; path = InkExportViewController.xib; sourceTree = "<group>"; };
		BA4F0A811EE2E59E0075534E /* IeeExportViewController.swift */ = {isa = PBXFileReference; fileEncoding = 4; lastKnownFileType = sourcecode.swift; path = IeeExportViewController.swift; sourceTree = "<group>"; };
		BA4F0A821EE2E59E0075534E /* IeeExportViewController.xib */ = {isa = PBXFileReference; fileEncoding = 4; lastKnownFileType = file.xib; path = IeeExportViewController.xib; sourceTree = "<group>"; };
		BA4F0A881EE2E8BD0075534E /* djTux.png */ = {isa = PBXFileReference; lastKnownFileType = image.png; path = djTux.png; sourceTree = "<group>"; };
		BA4F0A891EE2E8BD0075534E /* einsteinTux.png */ = {isa = PBXFileReference; lastKnownFileType = image.png; path = einsteinTux.png; sourceTree = "<group>"; };
		BA4F0A8A1EE2E8BD0075534E /* indianaTux.png */ = {isa = PBXFileReference; lastKnownFileType = image.png; path = indianaTux.png; sourceTree = "<group>"; };
		BA4F0A8C1EE2E8BD0075534E /* matrixTux.png */ = {isa = PBXFileReference; lastKnownFileType = image.png; path = matrixTux.png; sourceTree = "<group>"; };
		BA4F0A8D1EE2E8BD0075534E /* Property List.plist */ = {isa = PBXFileReference; fileEncoding = 4; lastKnownFileType = text.plist.xml; path = "Property List.plist"; sourceTree = "<group>"; };
		BA4F0A8E1EE2E8BD0075534E /* ramboTux.png */ = {isa = PBXFileReference; lastKnownFileType = image.png; path = ramboTux.png; sourceTree = "<group>"; };
		BA4F0A8F1EE2E8BD0075534E /* samouraiTux.png */ = {isa = PBXFileReference; lastKnownFileType = image.png; path = samouraiTux.png; sourceTree = "<group>"; };
		BA4F0A901EE2E8BD0075534E /* scienceTux.png */ = {isa = PBXFileReference; lastKnownFileType = image.png; path = scienceTux.png; sourceTree = "<group>"; };
		BA4F0A911EE2E8BD0075534E /* yodaTux.png */ = {isa = PBXFileReference; lastKnownFileType = image.png; path = yodaTux.png; sourceTree = "<group>"; };
		BA4F0A9D1EE2E9230075534E /* InkLee2ViewController.swift */ = {isa = PBXFileReference; fileEncoding = 4; lastKnownFileType = sourcecode.swift; path = InkLee2ViewController.swift; sourceTree = "<group>"; };
		BA4F0A9E1EE2E9230075534E /* InkLee2ViewController.xib */ = {isa = PBXFileReference; fileEncoding = 4; lastKnownFileType = file.xib; path = InkLee2ViewController.xib; sourceTree = "<group>"; };
		BA4F0AFC1EE304E90075534E /* Base */ = {isa = PBXFileReference; lastKnownFileType = file.storyboard; name = Base; path = Base.lproj/PagedBasedApp.storyboard; sourceTree = "<group>"; };
		BA4F0AFD1EE304E90075534E /* DataViewController.swift */ = {isa = PBXFileReference; fileEncoding = 4; lastKnownFileType = sourcecode.swift; path = DataViewController.swift; sourceTree = "<group>"; };
		BA4F0B001EE304E90075534E /* ModelController.swift */ = {isa = PBXFileReference; fileEncoding = 4; lastKnownFileType = sourcecode.swift; path = ModelController.swift; sourceTree = "<group>"; };
		BA4F0B011EE304E90075534E /* RootViewController.swift */ = {isa = PBXFileReference; fileEncoding = 4; lastKnownFileType = sourcecode.swift; path = RootViewController.swift; sourceTree = "<group>"; };
		BA4F0B0B1EE306C90075534E /* SpotifyExampleViewController.swift */ = {isa = PBXFileReference; fileEncoding = 4; lastKnownFileType = sourcecode.swift; path = SpotifyExampleViewController.swift; sourceTree = "<group>"; };
		BA4F0B0C1EE306C90075534E /* SpotifyExampleViewController.xib */ = {isa = PBXFileReference; fileEncoding = 4; lastKnownFileType = file.xib; path = SpotifyExampleViewController.xib; sourceTree = "<group>"; };
		BA4F0B101EE308280075534E /* ChildExampleViewController.swift */ = {isa = PBXFileReference; fileEncoding = 4; lastKnownFileType = sourcecode.swift; path = ChildExampleViewController.swift; sourceTree = "<group>"; };
		BA4F0B111EE308280075534E /* TableChildExampleViewController.swift */ = {isa = PBXFileReference; fileEncoding = 4; lastKnownFileType = sourcecode.swift; path = TableChildExampleViewController.swift; sourceTree = "<group>"; };
		BA4F0B151EE3085B0075534E /* DataProvider.swift */ = {isa = PBXFileReference; fileEncoding = 4; lastKnownFileType = sourcecode.swift; path = DataProvider.swift; sourceTree = "<group>"; };
		BA4F0B161EE3085B0075534E /* PostCell.swift */ = {isa = PBXFileReference; fileEncoding = 4; lastKnownFileType = sourcecode.swift; path = PostCell.swift; sourceTree = "<group>"; };
		BA4F0B171EE3085B0075534E /* PostCell.xib */ = {isa = PBXFileReference; fileEncoding = 4; lastKnownFileType = file.xib; path = PostCell.xib; sourceTree = "<group>"; };
		BA4F0B1B1EE30B130075534E /* Assets.xcassets */ = {isa = PBXFileReference; lastKnownFileType = folder.assetcatalog; path = Assets.xcassets; sourceTree = "<group>"; };
		BA4F0B1D1EE30B9F0075534E /* YoutubeIconCell.swift */ = {isa = PBXFileReference; fileEncoding = 4; lastKnownFileType = sourcecode.swift; path = YoutubeIconCell.swift; sourceTree = "<group>"; };
		BA4F0B1E1EE30B9F0075534E /* YoutubeIconCell.xib */ = {isa = PBXFileReference; fileEncoding = 4; lastKnownFileType = file.xib; path = YoutubeIconCell.xib; sourceTree = "<group>"; };
		BA4F0B251EE30F4B0075534E /* InstagramExampleViewController.swift */ = {isa = PBXFileReference; fileEncoding = 4; lastKnownFileType = sourcecode.swift; path = InstagramExampleViewController.swift; sourceTree = "<group>"; };
		BA4F0B261EE30F4B0075534E /* InstagramExampleViewController.xib */ = {isa = PBXFileReference; fileEncoding = 4; lastKnownFileType = file.xib; path = InstagramExampleViewController.xib; sourceTree = "<group>"; };
		BA8989C51EFF6B0800F8C2F3 /* TSRxDiscoverViewController.swift */ = {isa = PBXFileReference; fileEncoding = 4; lastKnownFileType = sourcecode.swift; path = TSRxDiscoverViewController.swift; sourceTree = "<group>"; };
		BA8989C61EFF6B0800F8C2F3 /* TSRxDiscoverViewController.xib */ = {isa = PBXFileReference; fileEncoding = 4; lastKnownFileType = file.xib; path = TSRxDiscoverViewController.xib; sourceTree = "<group>"; };
		BA8989CA1EFF9FDA00F8C2F3 /* NumbersViewController.swift */ = {isa = PBXFileReference; fileEncoding = 4; lastKnownFileType = sourcecode.swift; path = NumbersViewController.swift; sourceTree = "<group>"; };
		BA8989CB1EFF9FDA00F8C2F3 /* NumbersViewController.xib */ = {isa = PBXFileReference; fileEncoding = 4; lastKnownFileType = file.xib; path = NumbersViewController.xib; sourceTree = "<group>"; };
		BA8989CE1EFFA2E900F8C2F3 /* SimpleValidationViewController.swift */ = {isa = PBXFileReference; fileEncoding = 4; lastKnownFileType = sourcecode.swift; path = SimpleValidationViewController.swift; sourceTree = "<group>"; };
		BA8989CF1EFFA2E900F8C2F3 /* SimpleValidationViewController.xib */ = {isa = PBXFileReference; fileEncoding = 4; lastKnownFileType = file.xib; path = SimpleValidationViewController.xib; sourceTree = "<group>"; };
		BA8989D21EFFA51B00F8C2F3 /* CalculatorViewController.swift */ = {isa = PBXFileReference; fileEncoding = 4; lastKnownFileType = sourcecode.swift; path = CalculatorViewController.swift; sourceTree = "<group>"; };
		BA8989D61EFFA54100F8C2F3 /* Calculator.swift */ = {isa = PBXFileReference; fileEncoding = 4; lastKnownFileType = sourcecode.swift; path = Calculator.swift; sourceTree = "<group>"; };
		BA8989D81EFFA58000F8C2F3 /* Calculator.storyboard */ = {isa = PBXFileReference; fileEncoding = 4; lastKnownFileType = file.storyboard; path = Calculator.storyboard; sourceTree = "<group>"; };
		BA8989DA1EFFA63400F8C2F3 /* Observable+Extensions.swift */ = {isa = PBXFileReference; fileEncoding = 4; lastKnownFileType = sourcecode.swift; path = "Observable+Extensions.swift"; sourceTree = "<group>"; };
		BA939E9F1F4415FF002A80E9 /* CheatSheetPlayground.playground */ = {isa = PBXFileReference; lastKnownFileType = file.playground; path = CheatSheetPlayground.playground; sourceTree = "<group>"; };
		BA992DDA1F43E52B0006296C /* Ink1Playground.playground */ = {isa = PBXFileReference; lastKnownFileType = file.playground; path = Ink1Playground.playground; sourceTree = "<group>"; };
		BA992DDB1F43F57D0006296C /* Ink2Playground.playground */ = {isa = PBXFileReference; lastKnownFileType = file.playground; path = Ink2Playground.playground; sourceTree = "<group>"; };
		BAB4DE3A1EE286A800D26678 /* ink_Swift.app */ = {isa = PBXFileReference; explicitFileType = wrapper.application; includeInIndex = 0; path = ink_Swift.app; sourceTree = BUILT_PRODUCTS_DIR; };
		BAB4DE3D1EE286A800D26678 /* AppDelegate.swift */ = {isa = PBXFileReference; lastKnownFileType = sourcecode.swift; path = AppDelegate.swift; sourceTree = "<group>"; };
		BAB4DE3F1EE286A800D26678 /* ViewController.swift */ = {isa = PBXFileReference; lastKnownFileType = sourcecode.swift; path = ViewController.swift; sourceTree = "<group>"; };
		BAB4DE421EE286A800D26678 /* Base */ = {isa = PBXFileReference; lastKnownFileType = file.storyboard; name = Base; path = Base.lproj/Main.storyboard; sourceTree = "<group>"; };
		BAB4DE441EE286A800D26678 /* Assets.xcassets */ = {isa = PBXFileReference; lastKnownFileType = folder.assetcatalog; path = Assets.xcassets; sourceTree = "<group>"; };
		BAB4DE471EE286A800D26678 /* Base */ = {isa = PBXFileReference; lastKnownFileType = file.storyboard; name = Base; path = Base.lproj/LaunchScreen.storyboard; sourceTree = "<group>"; };
		BAB4DE491EE286A800D26678 /* Info.plist */ = {isa = PBXFileReference; lastKnownFileType = text.plist.xml; path = Info.plist; sourceTree = "<group>"; };
		BAB7C3451F00C0D8006B8D22 /* TSAppCodaViewController.swift */ = {isa = PBXFileReference; fileEncoding = 4; lastKnownFileType = sourcecode.swift; path = TSAppCodaViewController.swift; sourceTree = "<group>"; };
		BAB7C3461F00C0D8006B8D22 /* TSAppCodaViewController.xib */ = {isa = PBXFileReference; fileEncoding = 4; lastKnownFileType = file.xib; path = TSAppCodaViewController.xib; sourceTree = "<group>"; };
		BAB7C3521F00D6EE006B8D22 /* AnimalTableTableViewController.swift */ = {isa = PBXFileReference; fileEncoding = 4; lastKnownFileType = sourcecode.swift; path = AnimalTableTableViewController.swift; sourceTree = "<group>"; };
		BAB7C3561F00DB23006B8D22 /* ArticleTableViewController.swift */ = {isa = PBXFileReference; fileEncoding = 4; lastKnownFileType = sourcecode.swift; path = ArticleTableViewController.swift; sourceTree = "<group>"; };
		BAB7C3581F00DB51006B8D22 /* Assets.xcassets */ = {isa = PBXFileReference; lastKnownFileType = folder.assetcatalog; path = Assets.xcassets; sourceTree = "<group>"; };
		BAB7C3601F00DCBE006B8D22 /* Article2TableViewCell.swift */ = {isa = PBXFileReference; fileEncoding = 4; lastKnownFileType = sourcecode.swift; path = Article2TableViewCell.swift; sourceTree = "<group>"; };
		BAB7C3611F00DCBE006B8D22 /* Article2TableViewCell.xib */ = {isa = PBXFileReference; fileEncoding = 4; lastKnownFileType = file.xib; path = Article2TableViewCell.xib; sourceTree = "<group>"; };
		BAB7C3641F00E020006B8D22 /* KivaLoanTableViewController.swift */ = {isa = PBXFileReference; fileEncoding = 4; lastKnownFileType = sourcecode.swift; path = KivaLoanTableViewController.swift; sourceTree = "<group>"; };
		BAB7C3661F00E043006B8D22 /* KivaLoanTableViewCell.swift */ = {isa = PBXFileReference; fileEncoding = 4; lastKnownFileType = sourcecode.swift; path = KivaLoanTableViewCell.swift; sourceTree = "<group>"; };
		BAB7C3671F00E043006B8D22 /* KivaLoanTableViewCell.xib */ = {isa = PBXFileReference; fileEncoding = 4; lastKnownFileType = file.xib; path = KivaLoanTableViewCell.xib; sourceTree = "<group>"; };
		BAB7C36A1F00E0E5006B8D22 /* Loan.swift */ = {isa = PBXFileReference; fileEncoding = 4; lastKnownFileType = sourcecode.swift; path = Loan.swift; sourceTree = "<group>"; };
		BABB9D3B1EE3ADEF00EF9071 /* SegmentedExampleViewController.swift */ = {isa = PBXFileReference; fileEncoding = 4; lastKnownFileType = sourcecode.swift; path = SegmentedExampleViewController.swift; sourceTree = "<group>"; };
		BABB9D3C1EE3ADEF00EF9071 /* SegmentedExampleViewController.xib */ = {isa = PBXFileReference; fileEncoding = 4; lastKnownFileType = file.xib; path = SegmentedExampleViewController.xib; sourceTree = "<group>"; };
		BAD53D631EF020E500292BF2 /* Hero.swift */ = {isa = PBXFileReference; fileEncoding = 4; lastKnownFileType = sourcecode.swift; path = Hero.swift; sourceTree = "<group>"; };
		BAD53D641EF020E500292BF2 /* heros.plist */ = {isa = PBXFileReference; fileEncoding = 4; lastKnownFileType = text.plist.xml; path = heros.plist; sourceTree = "<group>"; };
		BAD53D651EF020E500292BF2 /* LoginViewController.swift */ = {isa = PBXFileReference; fileEncoding = 4; lastKnownFileType = sourcecode.swift; path = LoginViewController.swift; sourceTree = "<group>"; };
		BAD53D661EF020E500292BF2 /* LoginViewModel.swift */ = {isa = PBXFileReference; fileEncoding = 4; lastKnownFileType = sourcecode.swift; path = LoginViewModel.swift; sourceTree = "<group>"; };
		BAD53D671EF020E500292BF2 /* Protocol.swift */ = {isa = PBXFileReference; fileEncoding = 4; lastKnownFileType = sourcecode.swift; path = Protocol.swift; sourceTree = "<group>"; };
		BAD53D681EF020E500292BF2 /* RegisterViewController.swift */ = {isa = PBXFileReference; fileEncoding = 4; lastKnownFileType = sourcecode.swift; path = RegisterViewController.swift; sourceTree = "<group>"; };
		BAD53D691EF020E500292BF2 /* RegisterViewModel.swift */ = {isa = PBXFileReference; fileEncoding = 4; lastKnownFileType = sourcecode.swift; path = RegisterViewModel.swift; sourceTree = "<group>"; };
		BAD53D6A1EF020E500292BF2 /* Service.swift */ = {isa = PBXFileReference; fileEncoding = 4; lastKnownFileType = sourcecode.swift; path = Service.swift; sourceTree = "<group>"; };
		BAD53D751EF0212C00292BF2 /* RegisterViewController.xib */ = {isa = PBXFileReference; fileEncoding = 4; lastKnownFileType = file.xib; path = RegisterViewController.xib; sourceTree = "<group>"; };
		BAD53D771EF0266B00292BF2 /* LoginViewController.xib */ = {isa = PBXFileReference; fileEncoding = 4; lastKnownFileType = file.xib; path = LoginViewController.xib; sourceTree = "<group>"; };
		BAD53D7E1EF0435600292BF2 /* CodeViewController.swift */ = {isa = PBXFileReference; fileEncoding = 4; lastKnownFileType = sourcecode.swift; path = CodeViewController.swift; sourceTree = "<group>"; };
		BAD53D7F1EF0435600292BF2 /* OptionsViewController.swift */ = {isa = PBXFileReference; fileEncoding = 4; lastKnownFileType = sourcecode.swift; path = OptionsViewController.swift; sourceTree = "<group>"; };
		BAD53D801EF0435600292BF2 /* Spring.storyboard */ = {isa = PBXFileReference; fileEncoding = 4; lastKnownFileType = file.storyboard; path = Spring.storyboard; sourceTree = "<group>"; };
		BAD53D811EF0435600292BF2 /* SpringViewController.swift */ = {isa = PBXFileReference; fileEncoding = 4; lastKnownFileType = sourcecode.swift; path = SpringViewController.swift; sourceTree = "<group>"; };
		BAFF08D21EE2930C003A351D /* Assets.xcassets */ = {isa = PBXFileReference; lastKnownFileType = folder.assetcatalog; path = Assets.xcassets; sourceTree = "<group>"; };
		BAFF08D51EE2930C003A351D /* Base */ = {isa = PBXFileReference; lastKnownFileType = file.storyboard; name = Base; path = LaunchScreen.storyboard; sourceTree = "<group>"; };
		BAFF08D71EE2930C003A351D /* Base */ = {isa = PBXFileReference; lastKnownFileType = file.storyboard; name = Base; path = Main.storyboard; sourceTree = "<group>"; };
		BAFF09151EE2930C003A351D /* HttpManager+UploadAudio.swift */ = {isa = PBXFileReference; fileEncoding = 4; lastKnownFileType = sourcecode.swift; path = "HttpManager+UploadAudio.swift"; sourceTree = "<group>"; };
		BAFF09161EE2930C003A351D /* HttpManager+UploadImage.swift */ = {isa = PBXFileReference; fileEncoding = 4; lastKnownFileType = sourcecode.swift; path = "HttpManager+UploadImage.swift"; sourceTree = "<group>"; };
		BAFF09171EE2930C003A351D /* HttpManager.swift */ = {isa = PBXFileReference; fileEncoding = 4; lastKnownFileType = sourcecode.swift; path = HttpManager.swift; sourceTree = "<group>"; };
		BAFF09181EE2930C003A351D /* TSResponseSerializer.swift */ = {isa = PBXFileReference; fileEncoding = 4; lastKnownFileType = sourcecode.swift; path = TSResponseSerializer.swift; sourceTree = "<group>"; };
		BAFF091D1EE2930C003A351D /* TSMessageModel.swift */ = {isa = PBXFileReference; fileEncoding = 4; lastKnownFileType = sourcecode.swift; path = TSMessageModel.swift; sourceTree = "<group>"; };
		BAFF091E1EE2930C003A351D /* TSModel.swift */ = {isa = PBXFileReference; fileEncoding = 4; lastKnownFileType = sourcecode.swift; path = TSModel.swift; sourceTree = "<group>"; };
		BAFF091F1EE2930C003A351D /* TSModelTransformer.swift */ = {isa = PBXFileReference; fileEncoding = 4; lastKnownFileType = sourcecode.swift; path = TSModelTransformer.swift; sourceTree = "<group>"; };
		BAFF09201EE2930C003A351D /* TSUploadModel.swift */ = {isa = PBXFileReference; fileEncoding = 4; lastKnownFileType = sourcecode.swift; path = TSUploadModel.swift; sourceTree = "<group>"; };
		BAFF09211EE2930C003A351D /* TSApplicationManager.swift */ = {isa = PBXFileReference; fileEncoding = 4; lastKnownFileType = sourcecode.swift; path = TSApplicationManager.swift; sourceTree = "<group>"; };
		BAFF09231EE2930C003A351D /* TSUserManager.swift */ = {isa = PBXFileReference; fileEncoding = 4; lastKnownFileType = sourcecode.swift; path = TSUserManager.swift; sourceTree = "<group>"; };
		BAFF09251EE2930C003A351D /* TSDiscoverViewController.swift */ = {isa = PBXFileReference; fileEncoding = 4; lastKnownFileType = sourcecode.swift; path = TSDiscoverViewController.swift; sourceTree = "<group>"; };
		BAFF09261EE2930C003A351D /* TSDiscoverViewController.xib */ = {isa = PBXFileReference; fileEncoding = 4; lastKnownFileType = file.xib; path = TSDiscoverViewController.xib; sourceTree = "<group>"; };
		BAFF09271EE2930C003A351D /* TSImageTextTableViewCell.swift */ = {isa = PBXFileReference; fileEncoding = 4; lastKnownFileType = sourcecode.swift; path = TSImageTextTableViewCell.swift; sourceTree = "<group>"; };
		BAFF09281EE2930C003A351D /* TSImageTextTableViewCell.xib */ = {isa = PBXFileReference; fileEncoding = 4; lastKnownFileType = file.xib; path = TSImageTextTableViewCell.xib; sourceTree = "<group>"; };
		BAFF093D1EE2930C003A351D /* TSFullyHorizontalFlowLayout.swift */ = {isa = PBXFileReference; fileEncoding = 4; lastKnownFileType = sourcecode.swift; path = TSFullyHorizontalFlowLayout.swift; sourceTree = "<group>"; };
		BAFF093E1EE2930C003A351D /* TSGlobalHelper.swift */ = {isa = PBXFileReference; fileEncoding = 4; lastKnownFileType = sourcecode.swift; path = TSGlobalHelper.swift; sourceTree = "<group>"; };
		BAFF093F1EE2930C003A351D /* TSImagePicker.swift */ = {isa = PBXFileReference; fileEncoding = 4; lastKnownFileType = sourcecode.swift; path = TSImagePicker.swift; sourceTree = "<group>"; };
		BAFF09401EE2930C003A351D /* TSLogger.swift */ = {isa = PBXFileReference; fileEncoding = 4; lastKnownFileType = sourcecode.swift; path = TSLogger.swift; sourceTree = "<group>"; };
		BAFF09421EE2930C003A351D /* TSProgressHUD.swift */ = {isa = PBXFileReference; fileEncoding = 4; lastKnownFileType = sourcecode.swift; path = TSProgressHUD.swift; sourceTree = "<group>"; };
		BAFF09431EE2930C003A351D /* TSUIColor+WeChat.swift */ = {isa = PBXFileReference; fileEncoding = 4; lastKnownFileType = sourcecode.swift; path = "TSUIColor+WeChat.swift"; sourceTree = "<group>"; };
		BAFF09441EE2930C003A351D /* TSUIImage+WeChat.swift */ = {isa = PBXFileReference; fileEncoding = 4; lastKnownFileType = sourcecode.swift; path = "TSUIImage+WeChat.swift"; sourceTree = "<group>"; };
		BAFF09451EE2930C003A351D /* TSUIImageVIew+WeChat.swift */ = {isa = PBXFileReference; fileEncoding = 4; lastKnownFileType = sourcecode.swift; path = "TSUIImageVIew+WeChat.swift"; sourceTree = "<group>"; };
		BAFF09471EE2930C003A351D /* AboutApp.swift */ = {isa = PBXFileReference; fileEncoding = 4; lastKnownFileType = sourcecode.swift; path = AboutApp.swift; sourceTree = "<group>"; };
		BAFF09481EE2930C003A351D /* NSDate+Extension.swift */ = {isa = PBXFileReference; fileEncoding = 4; lastKnownFileType = sourcecode.swift; path = "NSDate+Extension.swift"; sourceTree = "<group>"; };
		BAFF09491EE2930C003A351D /* NSDictionary+Extension.swift */ = {isa = PBXFileReference; fileEncoding = 4; lastKnownFileType = sourcecode.swift; path = "NSDictionary+Extension.swift"; sourceTree = "<group>"; };
		BAFF094A1EE2930C003A351D /* NSObject+String.swift */ = {isa = PBXFileReference; fileEncoding = 4; lastKnownFileType = sourcecode.swift; path = "NSObject+String.swift"; sourceTree = "<group>"; };
		BAFF094B1EE2930C003A351D /* PHAsset+Extension.swift */ = {isa = PBXFileReference; fileEncoding = 4; lastKnownFileType = sourcecode.swift; path = "PHAsset+Extension.swift"; sourceTree = "<group>"; };
		BAFF094C1EE2930C003A351D /* UIBarButtonItem+Block.swift */ = {isa = PBXFileReference; fileEncoding = 4; lastKnownFileType = sourcecode.swift; path = "UIBarButtonItem+Block.swift"; sourceTree = "<group>"; };
		BAFF094D1EE2930C003A351D /* UISearchBar+Extension.swift */ = {isa = PBXFileReference; fileEncoding = 4; lastKnownFileType = sourcecode.swift; path = "UISearchBar+Extension.swift"; sourceTree = "<group>"; };
		BAFF094E1EE2930C003A351D /* UIView+Frame.swift */ = {isa = PBXFileReference; fileEncoding = 4; lastKnownFileType = sourcecode.swift; path = "UIView+Frame.swift"; sourceTree = "<group>"; };
		BAFF094F1EE2930C003A351D /* UIViewController+Extension.swift */ = {isa = PBXFileReference; fileEncoding = 4; lastKnownFileType = sourcecode.swift; path = "UIViewController+Extension.swift"; sourceTree = "<group>"; };
		BAFF09511EE2930C003A351D /* TSAppMacro.swift */ = {isa = PBXFileReference; fileEncoding = 4; lastKnownFileType = sourcecode.swift; path = TSAppMacro.swift; sourceTree = "<group>"; };
		BAFF09521EE2930C003A351D /* TSConfig.swift */ = {isa = PBXFileReference; fileEncoding = 4; lastKnownFileType = sourcecode.swift; path = TSConfig.swift; sourceTree = "<group>"; };
		BAFF09561EE2930D003A351D /* RAMBounceAnimation.swift */ = {isa = PBXFileReference; fileEncoding = 4; lastKnownFileType = sourcecode.swift; path = RAMBounceAnimation.swift; sourceTree = "<group>"; };
		BAFF09581EE2930D003A351D /* RAMFrameItemAnimation.swift */ = {isa = PBXFileReference; fileEncoding = 4; lastKnownFileType = sourcecode.swift; path = RAMFrameItemAnimation.swift; sourceTree = "<group>"; };
		BAFF095A1EE2930D003A351D /* RAMFumeAnimation.swift */ = {isa = PBXFileReference; fileEncoding = 4; lastKnownFileType = sourcecode.swift; path = RAMFumeAnimation.swift; sourceTree = "<group>"; };
		BAFF095C1EE2930D003A351D /* RAMRotationAnimation.swift */ = {isa = PBXFileReference; fileEncoding = 4; lastKnownFileType = sourcecode.swift; path = RAMRotationAnimation.swift; sourceTree = "<group>"; };
		BAFF095E1EE2930D003A351D /* RAMTransitionItemAnimations.swift */ = {isa = PBXFileReference; fileEncoding = 4; lastKnownFileType = sourcecode.swift; path = RAMTransitionItemAnimations.swift; sourceTree = "<group>"; };
		BAFF095F1EE2930D003A351D /* RAMAnimatedTabBarController.swift */ = {isa = PBXFileReference; fileEncoding = 4; lastKnownFileType = sourcecode.swift; path = RAMAnimatedTabBarController.swift; sourceTree = "<group>"; };
		BAFF09611EE2930D003A351D /* RAMBadge.swift */ = {isa = PBXFileReference; fileEncoding = 4; lastKnownFileType = sourcecode.swift; path = RAMBadge.swift; sourceTree = "<group>"; };
		BAFF09621EE2930D003A351D /* RAMItemAnimationProtocol.swift */ = {isa = PBXFileReference; fileEncoding = 4; lastKnownFileType = sourcecode.swift; path = RAMItemAnimationProtocol.swift; sourceTree = "<group>"; };
		BAFF09631EE2930D003A351D /* ToolsAnimation.plist */ = {isa = PBXFileReference; fileEncoding = 4; lastKnownFileType = text.plist.xml; path = ToolsAnimation.plist; sourceTree = "<group>"; };
		BAFF09651EE2930D003A351D /* Assets.xcassets */ = {isa = PBXFileReference; lastKnownFileType = folder.assetcatalog; path = Assets.xcassets; sourceTree = "<group>"; };
		BAFF09671EE2930D003A351D /* beep.wav */ = {isa = PBXFileReference; lastKnownFileType = audio.wav; path = beep.wav; sourceTree = "<group>"; };
		BAFF09681EE2930D003A351D /* call.caf */ = {isa = PBXFileReference; lastKnownFileType = file; path = call.caf; sourceTree = "<group>"; };
		BAFF09691EE2930D003A351D /* camera.wav */ = {isa = PBXFileReference; lastKnownFileType = audio.wav; path = camera.wav; sourceTree = "<group>"; };
		BAFF096A1EE2930D003A351D /* close.wav */ = {isa = PBXFileReference; lastKnownFileType = audio.wav; path = close.wav; sourceTree = "<group>"; };
		BAFF096B1EE2930D003A351D /* hello.amr */ = {isa = PBXFileReference; lastKnownFileType = file; path = hello.amr; sourceTree = "<group>"; };
		BAFF096C1EE2930D003A351D /* msg.caf */ = {isa = PBXFileReference; lastKnownFileType = file; path = msg.caf; sourceTree = "<group>"; };
		BAFF096D1EE2930D003A351D /* msgtoolong.wav */ = {isa = PBXFileReference; lastKnownFileType = audio.wav; path = msgtoolong.wav; sourceTree = "<group>"; };
		BAFF096E1EE2930D003A351D /* pstncall.mp3 */ = {isa = PBXFileReference; lastKnownFileType = audio.mp3; path = pstncall.mp3; sourceTree = "<group>"; };
		BAFF096F1EE2930D003A351D /* sendmsg.caf */ = {isa = PBXFileReference; lastKnownFileType = file; path = sendmsg.caf; sourceTree = "<group>"; };
		BAFF09701EE2930D003A351D /* shake_match.wav */ = {isa = PBXFileReference; lastKnownFileType = audio.wav; path = shake_match.wav; sourceTree = "<group>"; };
		BAFF09711EE2930D003A351D /* shake_nomatch.wav */ = {isa = PBXFileReference; lastKnownFileType = audio.wav; path = shake_nomatch.wav; sourceTree = "<group>"; };
		BAFF09721EE2930D003A351D /* shake_sound_male.wav */ = {isa = PBXFileReference; lastKnownFileType = audio.wav; path = shake_sound_male.wav; sourceTree = "<group>"; };
		BAFF09731EE2930D003A351D /* country_code.txt */ = {isa = PBXFileReference; fileEncoding = 4; lastKnownFileType = text; path = country_code.txt; sourceTree = "<group>"; };
		BAFF09741EE2930D003A351D /* Expression.bundle */ = {isa = PBXFileReference; lastKnownFileType = "wrapper.plug-in"; path = Expression.bundle; sourceTree = "<group>"; };
		BAFF09751EE2930D003A351D /* Expression.plist */ = {isa = PBXFileReference; fileEncoding = 4; lastKnownFileType = text.plist.xml; path = Expression.plist; sourceTree = "<group>"; };
		BAFF09771EE2930D003A351D /* chat.json */ = {isa = PBXFileReference; fileEncoding = 4; lastKnownFileType = text.json; path = chat.json; sourceTree = "<group>"; };
		BAFF09781EE2930D003A351D /* contact.json */ = {isa = PBXFileReference; fileEncoding = 4; lastKnownFileType = text.json; path = contact.json; sourceTree = "<group>"; };
		BAFF09791EE2930D003A351D /* message.json */ = {isa = PBXFileReference; fileEncoding = 4; lastKnownFileType = text.json; path = message.json; sourceTree = "<group>"; };
		BAFF097A1EE2930D003A351D /* moments.json */ = {isa = PBXFileReference; fileEncoding = 4; lastKnownFileType = text.json; path = moments.json; sourceTree = "<group>"; };
		BAFF097B1EE2930D003A351D /* Kenny.jpg */ = {isa = PBXFileReference; lastKnownFileType = image.jpeg; path = Kenny.jpg; sourceTree = "<group>"; };
		BAFF097C1EE2930D003A351D /* Media.xcassets */ = {isa = PBXFileReference; lastKnownFileType = folder.assetcatalog; path = Media.xcassets; sourceTree = "<group>"; };
		BAFF097D1EE2930D003A351D /* wechat.playground */ = {isa = PBXFileReference; lastKnownFileType = file.playground; path = wechat.playground; sourceTree = "<group>"; };
		BAFF0A091EE293FD003A351D /* ink_Bridging_Header.h */ = {isa = PBXFileReference; fileEncoding = 4; lastKnownFileType = sourcecode.c.h; path = ink_Bridging_Header.h; sourceTree = "<group>"; };
		F425827B133C38BDF6266895 /* Pods-ink_Swift.debug.xcconfig */ = {isa = PBXFileReference; includeInIndex = 1; lastKnownFileType = text.xcconfig; name = "Pods-ink_Swift.debug.xcconfig"; path = "Pods/Target Support Files/Pods-ink_Swift/Pods-ink_Swift.debug.xcconfig"; sourceTree = "<group>"; };
/* End PBXFileReference section */

/* Begin PBXFrameworksBuildPhase section */
		BAB4DE371EE286A800D26678 /* Frameworks */ = {
			isa = PBXFrameworksBuildPhase;
			buildActionMask = 2147483647;
			files = (
				42B318970640CB10494D83F2 /* Pods_ink_Swift.framework in Frameworks */,
			);
			runOnlyForDeploymentPostprocessing = 0;
		};
/* End PBXFrameworksBuildPhase section */

/* Begin PBXGroup section */
		BA056F4A1EEEC8FE0002AA33 /* Sort */ = {
			isa = PBXGroup;
			children = (
				BA056F4B1EEEC8FE0002AA33 /* Sort.swift */,
				BA056F4C1EEEC8FE0002AA33 /* SortClass.swift */,
				BA056F4D1EEEC8FE0002AA33 /* SortView.swift */,
				BA056F511EEEC9140002AA33 /* SortViewController.swift */,
				BA056F521EEEC9140002AA33 /* SortViewController.xib */,
			);
			path = Sort;
			sourceTree = "<group>";
		};
		BA4F0A761EE2E26C0075534E /* le */ = {
			isa = PBXGroup;
			children = (
				BA4F0A861EE2E8BD0075534E /* inkLee */,
				BA4F0A811EE2E59E0075534E /* IeeExportViewController.swift */,
				BA4F0A821EE2E59E0075534E /* IeeExportViewController.xib */,
				BA992DDA1F43E52B0006296C /* Ink1Playground.playground */,
				BA992DDB1F43F57D0006296C /* Ink2Playground.playground */,
				BA939E9F1F4415FF002A80E9 /* CheatSheetPlayground.playground */,
			);
			path = le;
			sourceTree = "<group>";
		};
		BA4F0A851EE2E8500075534E /* inkLee */ = {
			isa = PBXGroup;
			children = (
				BAD53D561EF01F1800292BF2 /* moreView */,
				BA056F4A1EEEC8FE0002AA33 /* Sort */,
				BA4F0B1B1EE30B130075534E /* Assets.xcassets */,
				BA4F0B141EE3085B0075534E /* Helpers */,
				BA4F0B0F1EE308280075534E /* ChildControllers */,
				BA4F0AF71EE304E90075534E /* PagedBasedApp */,
				BA4F0B0B1EE306C90075534E /* SpotifyExampleViewController.swift */,
				BA4F0B0C1EE306C90075534E /* SpotifyExampleViewController.xib */,
				BA4F0B251EE30F4B0075534E /* InstagramExampleViewController.swift */,
				BA4F0B261EE30F4B0075534E /* InstagramExampleViewController.xib */,
				BABB9D3B1EE3ADEF00EF9071 /* SegmentedExampleViewController.swift */,
				BABB9D3C1EE3ADEF00EF9071 /* SegmentedExampleViewController.xib */,
			);
			name = inkLee;
			path = inking/inkLee;
			sourceTree = "<group>";
		};
		BA4F0A861EE2E8BD0075534E /* inkLee */ = {
			isa = PBXGroup;
			children = (
				BA4F0A881EE2E8BD0075534E /* djTux.png */,
				BA4F0A891EE2E8BD0075534E /* einsteinTux.png */,
				BA4F0A8A1EE2E8BD0075534E /* indianaTux.png */,
				BA4F0A8C1EE2E8BD0075534E /* matrixTux.png */,
				BA4F0A8D1EE2E8BD0075534E /* Property List.plist */,
				BA4F0A8E1EE2E8BD0075534E /* ramboTux.png */,
				BA4F0A8F1EE2E8BD0075534E /* samouraiTux.png */,
				BA4F0A901EE2E8BD0075534E /* scienceTux.png */,
				BA4F0A911EE2E8BD0075534E /* yodaTux.png */,
				BA4F0A9D1EE2E9230075534E /* InkLee2ViewController.swift */,
				BA4F0A9E1EE2E9230075534E /* InkLee2ViewController.xib */,
			);
			path = inkLee;
			sourceTree = "<group>";
		};
		BA4F0AF71EE304E90075534E /* PagedBasedApp */ = {
			isa = PBXGroup;
			children = (
				BA4F0AFB1EE304E90075534E /* PagedBasedApp.storyboard */,
				BA4F0AFD1EE304E90075534E /* DataViewController.swift */,
				BA4F0B001EE304E90075534E /* ModelController.swift */,
				BA4F0B011EE304E90075534E /* RootViewController.swift */,
			);
			path = PagedBasedApp;
			sourceTree = "<group>";
		};
		BA4F0B0F1EE308280075534E /* ChildControllers */ = {
			isa = PBXGroup;
			children = (
				BA4F0B1D1EE30B9F0075534E /* YoutubeIconCell.swift */,
				BA4F0B1E1EE30B9F0075534E /* YoutubeIconCell.xib */,
				BA4F0B101EE308280075534E /* ChildExampleViewController.swift */,
				BA4F0B111EE308280075534E /* TableChildExampleViewController.swift */,
			);
			path = ChildControllers;
			sourceTree = "<group>";
		};
		BA4F0B141EE3085B0075534E /* Helpers */ = {
			isa = PBXGroup;
			children = (
				BA4F0B151EE3085B0075534E /* DataProvider.swift */,
				BA4F0B161EE3085B0075534E /* PostCell.swift */,
				BA4F0B171EE3085B0075534E /* PostCell.xib */,
			);
			path = Helpers;
			sourceTree = "<group>";
		};
		BA8989C41EFF6B0800F8C2F3 /* Rx */ = {
			isa = PBXGroup;
			children = (
				BA8989DA1EFFA63400F8C2F3 /* Observable+Extensions.swift */,
				BA8989D81EFFA58000F8C2F3 /* Calculator.storyboard */,
				BA8989D61EFFA54100F8C2F3 /* Calculator.swift */,
				BA8989C51EFF6B0800F8C2F3 /* TSRxDiscoverViewController.swift */,
				BA8989C61EFF6B0800F8C2F3 /* TSRxDiscoverViewController.xib */,
				BA8989CA1EFF9FDA00F8C2F3 /* NumbersViewController.swift */,
				BA8989CB1EFF9FDA00F8C2F3 /* NumbersViewController.xib */,
				BA8989CE1EFFA2E900F8C2F3 /* SimpleValidationViewController.swift */,
				BA8989CF1EFFA2E900F8C2F3 /* SimpleValidationViewController.xib */,
				BA8989D21EFFA51B00F8C2F3 /* CalculatorViewController.swift */,
			);
			path = Rx;
			sourceTree = "<group>";
		};
		BAB4DE311EE286A800D26678 = {
			isa = PBXGroup;
			children = (
				BAB4DE3C1EE286A800D26678 /* ink_Swift */,
				BAB4DE3B1EE286A800D26678 /* Products */,
				E3EF946A9D0A09E8B7718A74 /* Pods */,
				C87B0867A85A3BAFB6E631DF /* Frameworks */,
			);
			sourceTree = "<group>";
		};
		BAB4DE3B1EE286A800D26678 /* Products */ = {
			isa = PBXGroup;
			children = (
				BAB4DE3A1EE286A800D26678 /* ink_Swift.app */,
			);
			name = Products;
			sourceTree = "<group>";
		};
		BAB4DE3C1EE286A800D26678 /* ink_Swift */ = {
			isa = PBXGroup;
			children = (
				BA4F0A851EE2E8500075534E /* inkLee */,
				BA4F0A761EE2E26C0075534E /* le */,
				BA4F0A721EE2E24C0075534E /* InkExportViewController.swift */,
				BA4F0A731EE2E24C0075534E /* InkExportViewController.xib */,
				BAFF08D21EE2930C003A351D /* Assets.xcassets */,
				BAFF08D31EE2930C003A351D /* Base.lproj */,
				BAFF08D81EE2930C003A351D /* Classes */,
				BAFF093C1EE2930C003A351D /* General */,
				BAFF09461EE2930C003A351D /* Helpers */,
				BAFF09501EE2930C003A351D /* Macro */,
				BAFF09531EE2930C003A351D /* MainTab */,
				BAFF09641EE2930D003A351D /* Resources */,
				BAB4DE3D1EE286A800D26678 /* AppDelegate.swift */,
				BAB4DE3F1EE286A800D26678 /* ViewController.swift */,
				BAB4DE411EE286A800D26678 /* Main.storyboard */,
				BAB4DE441EE286A800D26678 /* Assets.xcassets */,
				BAB4DE461EE286A800D26678 /* LaunchScreen.storyboard */,
				BAB4DE491EE286A800D26678 /* Info.plist */,
			);
			path = ink_Swift;
			sourceTree = "<group>";
		};
		BAB7C3441F00C0D8006B8D22 /* Moments */ = {
			isa = PBXGroup;
			children = (
				BAB7C36A1F00E0E5006B8D22 /* Loan.swift */,
				BAB7C3581F00DB51006B8D22 /* Assets.xcassets */,
				BAB7C3451F00C0D8006B8D22 /* TSAppCodaViewController.swift */,
				BAB7C3461F00C0D8006B8D22 /* TSAppCodaViewController.xib */,
				BAB7C3521F00D6EE006B8D22 /* AnimalTableTableViewController.swift */,
				BAB7C3561F00DB23006B8D22 /* ArticleTableViewController.swift */,
				BAB7C3601F00DCBE006B8D22 /* Article2TableViewCell.swift */,
				BAB7C3611F00DCBE006B8D22 /* Article2TableViewCell.xib */,
				BAB7C3641F00E020006B8D22 /* KivaLoanTableViewController.swift */,
				BAB7C3661F00E043006B8D22 /* KivaLoanTableViewCell.swift */,
				BAB7C3671F00E043006B8D22 /* KivaLoanTableViewCell.xib */,
			);
			path = Moments;
			sourceTree = "<group>";
		};
		BAD53D561EF01F1800292BF2 /* moreView */ = {
			isa = PBXGroup;
			children = (
				BAD53D7D1EF0435600292BF2 /* spring */,
				BAD53D601EF020E500292BF2 /* login */,
			);
			path = moreView;
			sourceTree = "<group>";
		};
		BAD53D601EF020E500292BF2 /* login */ = {
			isa = PBXGroup;
			children = (
				BAD53D631EF020E500292BF2 /* Hero.swift */,
				BAD53D641EF020E500292BF2 /* heros.plist */,
				BAD53D651EF020E500292BF2 /* LoginViewController.swift */,
				BAD53D661EF020E500292BF2 /* LoginViewModel.swift */,
				BAD53D671EF020E500292BF2 /* Protocol.swift */,
				BAD53D681EF020E500292BF2 /* RegisterViewController.swift */,
				BAD53D691EF020E500292BF2 /* RegisterViewModel.swift */,
				BAD53D6A1EF020E500292BF2 /* Service.swift */,
				BAD53D751EF0212C00292BF2 /* RegisterViewController.xib */,
				BAD53D771EF0266B00292BF2 /* LoginViewController.xib */,
			);
			path = login;
			sourceTree = "<group>";
		};
		BAD53D7D1EF0435600292BF2 /* spring */ = {
			isa = PBXGroup;
			children = (
				BAD53D7E1EF0435600292BF2 /* CodeViewController.swift */,
				BAD53D7F1EF0435600292BF2 /* OptionsViewController.swift */,
				BAD53D801EF0435600292BF2 /* Spring.storyboard */,
				BAD53D811EF0435600292BF2 /* SpringViewController.swift */,
			);
			path = spring;
			sourceTree = "<group>";
		};
		BAFF08D31EE2930C003A351D /* Base.lproj */ = {
			isa = PBXGroup;
			children = (
				BAFF08D41EE2930C003A351D /* LaunchScreen.storyboard */,
				BAFF08D61EE2930C003A351D /* Main.storyboard */,
			);
			path = Base.lproj;
			sourceTree = "<group>";
		};
		BAFF08D81EE2930C003A351D /* Classes */ = {
			isa = PBXGroup;
			children = (
				BAB7C3441F00C0D8006B8D22 /* Moments */,
				BA8989C41EFF6B0800F8C2F3 /* Rx */,
				BAFF09131EE2930C003A351D /* CoreModule */,
				BAFF09241EE2930C003A351D /* Discover */,
			);
			path = Classes;
			sourceTree = "<group>";
		};
		BAFF09131EE2930C003A351D /* CoreModule */ = {
			isa = PBXGroup;
			children = (
				BAFF09141EE2930C003A351D /* Http */,
				BAFF09191EE2930C003A351D /* Models */,
				BAFF09211EE2930C003A351D /* TSApplicationManager.swift */,
				BAFF09231EE2930C003A351D /* TSUserManager.swift */,
			);
			path = CoreModule;
			sourceTree = "<group>";
		};
		BAFF09141EE2930C003A351D /* Http */ = {
			isa = PBXGroup;
			children = (
				BAFF09151EE2930C003A351D /* HttpManager+UploadAudio.swift */,
				BAFF09161EE2930C003A351D /* HttpManager+UploadImage.swift */,
				BAFF09171EE2930C003A351D /* HttpManager.swift */,
				BAFF09181EE2930C003A351D /* TSResponseSerializer.swift */,
			);
			path = Http;
			sourceTree = "<group>";
		};
		BAFF09191EE2930C003A351D /* Models */ = {
			isa = PBXGroup;
			children = (
				BAFF091D1EE2930C003A351D /* TSMessageModel.swift */,
				BAFF091E1EE2930C003A351D /* TSModel.swift */,
				BAFF091F1EE2930C003A351D /* TSModelTransformer.swift */,
				BAFF09201EE2930C003A351D /* TSUploadModel.swift */,
			);
			path = Models;
			sourceTree = "<group>";
		};
		BAFF09241EE2930C003A351D /* Discover */ = {
			isa = PBXGroup;
			children = (
				BAFF09251EE2930C003A351D /* TSDiscoverViewController.swift */,
				BAFF09261EE2930C003A351D /* TSDiscoverViewController.xib */,
				BAFF09271EE2930C003A351D /* TSImageTextTableViewCell.swift */,
				BAFF09281EE2930C003A351D /* TSImageTextTableViewCell.xib */,
			);
			path = Discover;
			sourceTree = "<group>";
		};
		BAFF093C1EE2930C003A351D /* General */ = {
			isa = PBXGroup;
			children = (
				BAFF093D1EE2930C003A351D /* TSFullyHorizontalFlowLayout.swift */,
				BAFF093E1EE2930C003A351D /* TSGlobalHelper.swift */,
				BAFF093F1EE2930C003A351D /* TSImagePicker.swift */,
				BAFF09401EE2930C003A351D /* TSLogger.swift */,
				BAFF09421EE2930C003A351D /* TSProgressHUD.swift */,
				BAFF09431EE2930C003A351D /* TSUIColor+WeChat.swift */,
				BAFF09441EE2930C003A351D /* TSUIImage+WeChat.swift */,
				BAFF09451EE2930C003A351D /* TSUIImageVIew+WeChat.swift */,
			);
			path = General;
			sourceTree = "<group>";
		};
		BAFF09461EE2930C003A351D /* Helpers */ = {
			isa = PBXGroup;
			children = (
				BAFF09471EE2930C003A351D /* AboutApp.swift */,
				BAFF09481EE2930C003A351D /* NSDate+Extension.swift */,
				BAFF09491EE2930C003A351D /* NSDictionary+Extension.swift */,
				BAFF094A1EE2930C003A351D /* NSObject+String.swift */,
				BAFF094B1EE2930C003A351D /* PHAsset+Extension.swift */,
				BAFF094C1EE2930C003A351D /* UIBarButtonItem+Block.swift */,
				BAFF094D1EE2930C003A351D /* UISearchBar+Extension.swift */,
				BAFF094E1EE2930C003A351D /* UIView+Frame.swift */,
				BAFF094F1EE2930C003A351D /* UIViewController+Extension.swift */,
			);
			path = Helpers;
			sourceTree = "<group>";
		};
		BAFF09501EE2930C003A351D /* Macro */ = {
			isa = PBXGroup;
			children = (
				BAFF09511EE2930C003A351D /* TSAppMacro.swift */,
				BAFF09521EE2930C003A351D /* TSConfig.swift */,
			);
			path = Macro;
			sourceTree = "<group>";
		};
		BAFF09531EE2930C003A351D /* MainTab */ = {
			isa = PBXGroup;
			children = (
				BAFF09541EE2930D003A351D /* Animations */,
				BAFF095F1EE2930D003A351D /* RAMAnimatedTabBarController.swift */,
				BAFF09601EE2930D003A351D /* RAMBadge */,
				BAFF09621EE2930D003A351D /* RAMItemAnimationProtocol.swift */,
				BAFF09631EE2930D003A351D /* ToolsAnimation.plist */,
			);
			path = MainTab;
			sourceTree = "<group>";
		};
		BAFF09541EE2930D003A351D /* Animations */ = {
			isa = PBXGroup;
			children = (
				BAFF09551EE2930D003A351D /* BounceAnimation */,
				BAFF09571EE2930D003A351D /* FrameAnimation */,
				BAFF09591EE2930D003A351D /* FumeAnimation */,
				BAFF095B1EE2930D003A351D /* RotationAnimation */,
				BAFF095D1EE2930D003A351D /* TransitionAniamtions */,
			);
			path = Animations;
			sourceTree = "<group>";
		};
		BAFF09551EE2930D003A351D /* BounceAnimation */ = {
			isa = PBXGroup;
			children = (
				BAFF09561EE2930D003A351D /* RAMBounceAnimation.swift */,
			);
			path = BounceAnimation;
			sourceTree = "<group>";
		};
		BAFF09571EE2930D003A351D /* FrameAnimation */ = {
			isa = PBXGroup;
			children = (
				BAFF09581EE2930D003A351D /* RAMFrameItemAnimation.swift */,
			);
			path = FrameAnimation;
			sourceTree = "<group>";
		};
		BAFF09591EE2930D003A351D /* FumeAnimation */ = {
			isa = PBXGroup;
			children = (
				BAFF095A1EE2930D003A351D /* RAMFumeAnimation.swift */,
			);
			path = FumeAnimation;
			sourceTree = "<group>";
		};
		BAFF095B1EE2930D003A351D /* RotationAnimation */ = {
			isa = PBXGroup;
			children = (
				BAFF095C1EE2930D003A351D /* RAMRotationAnimation.swift */,
			);
			path = RotationAnimation;
			sourceTree = "<group>";
		};
		BAFF095D1EE2930D003A351D /* TransitionAniamtions */ = {
			isa = PBXGroup;
			children = (
				BAFF095E1EE2930D003A351D /* RAMTransitionItemAnimations.swift */,
			);
			path = TransitionAniamtions;
			sourceTree = "<group>";
		};
		BAFF09601EE2930D003A351D /* RAMBadge */ = {
			isa = PBXGroup;
			children = (
				BAFF09611EE2930D003A351D /* RAMBadge.swift */,
			);
			path = RAMBadge;
			sourceTree = "<group>";
		};
		BAFF09641EE2930D003A351D /* Resources */ = {
			isa = PBXGroup;
			children = (
				BAFF09651EE2930D003A351D /* Assets.xcassets */,
				BAFF09661EE2930D003A351D /* Audio */,
				BAFF09731EE2930D003A351D /* country_code.txt */,
				BAFF09741EE2930D003A351D /* Expression.bundle */,
				BAFF09751EE2930D003A351D /* Expression.plist */,
				BAFF09761EE2930D003A351D /* JSON */,
				BAFF097B1EE2930D003A351D /* Kenny.jpg */,
				BAFF097C1EE2930D003A351D /* Media.xcassets */,
				BAFF097D1EE2930D003A351D /* wechat.playground */,
				BAFF0A091EE293FD003A351D /* ink_Bridging_Header.h */,
			);
			path = Resources;
			sourceTree = "<group>";
		};
		BAFF09661EE2930D003A351D /* Audio */ = {
			isa = PBXGroup;
			children = (
				BAFF09671EE2930D003A351D /* beep.wav */,
				BAFF09681EE2930D003A351D /* call.caf */,
				BAFF09691EE2930D003A351D /* camera.wav */,
				BAFF096A1EE2930D003A351D /* close.wav */,
				BAFF096B1EE2930D003A351D /* hello.amr */,
				BAFF096C1EE2930D003A351D /* msg.caf */,
				BAFF096D1EE2930D003A351D /* msgtoolong.wav */,
				BAFF096E1EE2930D003A351D /* pstncall.mp3 */,
				BAFF096F1EE2930D003A351D /* sendmsg.caf */,
				BAFF09701EE2930D003A351D /* shake_match.wav */,
				BAFF09711EE2930D003A351D /* shake_nomatch.wav */,
				BAFF09721EE2930D003A351D /* shake_sound_male.wav */,
			);
			path = Audio;
			sourceTree = "<group>";
		};
		BAFF09761EE2930D003A351D /* JSON */ = {
			isa = PBXGroup;
			children = (
				BAFF09771EE2930D003A351D /* chat.json */,
				BAFF09781EE2930D003A351D /* contact.json */,
				BAFF09791EE2930D003A351D /* message.json */,
				BAFF097A1EE2930D003A351D /* moments.json */,
			);
			path = JSON;
			sourceTree = "<group>";
		};
		C87B0867A85A3BAFB6E631DF /* Frameworks */ = {
			isa = PBXGroup;
			children = (
				5E7992E9379EF2F3A54DED7C /* Pods_ink_Swift.framework */,
			);
			name = Frameworks;
			sourceTree = "<group>";
		};
		E3EF946A9D0A09E8B7718A74 /* Pods */ = {
			isa = PBXGroup;
			children = (
				F425827B133C38BDF6266895 /* Pods-ink_Swift.debug.xcconfig */,
				9BBEEBDE126F0E6C342F9BF3 /* Pods-ink_Swift.release.xcconfig */,
			);
			name = Pods;
			sourceTree = "<group>";
		};
/* End PBXGroup section */

/* Begin PBXNativeTarget section */
		BAB4DE391EE286A800D26678 /* ink_Swift */ = {
			isa = PBXNativeTarget;
			buildConfigurationList = BAB4DE4C1EE286A800D26678 /* Build configuration list for PBXNativeTarget "ink_Swift" */;
			buildPhases = (
				CFDB57E081C82CD227FB6EAE /* [CP] Check Pods Manifest.lock */,
				BAB4DE361EE286A800D26678 /* Sources */,
				BAB4DE371EE286A800D26678 /* Frameworks */,
				BAB4DE381EE286A800D26678 /* Resources */,
				C9CD0ECDABC64EA4B9397CE9 /* [CP] Embed Pods Frameworks */,
				D18FED8BE75FE699FCA9013B /* [CP] Copy Pods Resources */,
			);
			buildRules = (
			);
			dependencies = (
			);
			name = ink_Swift;
			productName = ink_Swift;
			productReference = BAB4DE3A1EE286A800D26678 /* ink_Swift.app */;
			productType = "com.apple.product-type.application";
		};
/* End PBXNativeTarget section */

/* Begin PBXProject section */
		BAB4DE321EE286A800D26678 /* Project object */ = {
			isa = PBXProject;
			attributes = {
				LastSwiftUpdateCheck = 0830;
				LastUpgradeCheck = 0830;
				ORGANIZATIONNAME = "李砚";
				TargetAttributes = {
					BAB4DE391EE286A800D26678 = {
						CreatedOnToolsVersion = 8.3;
						ProvisioningStyle = Automatic;
					};
				};
			};
			buildConfigurationList = BAB4DE351EE286A800D26678 /* Build configuration list for PBXProject "ink_Swift" */;
			compatibilityVersion = "Xcode 3.2";
			developmentRegion = English;
			hasScannedForEncodings = 0;
			knownRegions = (
				en,
				Base,
			);
			mainGroup = BAB4DE311EE286A800D26678;
			productRefGroup = BAB4DE3B1EE286A800D26678 /* Products */;
			projectDirPath = "";
			projectRoot = "";
			targets = (
				BAB4DE391EE286A800D26678 /* ink_Swift */,
			);
		};
/* End PBXProject section */

/* Begin PBXResourcesBuildPhase section */
		BAB4DE381EE286A800D26678 /* Resources */ = {
			isa = PBXResourcesBuildPhase;
			buildActionMask = 2147483647;
			files = (
				BAFF09F31EE2930D003A351D /* beep.wav in Resources */,
				BA8989CD1EFF9FDA00F8C2F3 /* NumbersViewController.xib in Resources */,
				BA4F0B1A1EE3085B0075534E /* PostCell.xib in Resources */,
				BA8989D11EFFA2E900F8C2F3 /* SimpleValidationViewController.xib in Resources */,
				BAFF0A061EE2930D003A351D /* Kenny.jpg in Resources */,
				BA4F0B281EE30F4B0075534E /* InstagramExampleViewController.xib in Resources */,
				BA4F0AA01EE2E9230075534E /* InkLee2ViewController.xib in Resources */,
				BAFF09FC1EE2930D003A351D /* shake_match.wav in Resources */,
				BA4F0A9C1EE2E8BD0075534E /* yodaTux.png in Resources */,
				BAD53D761EF0212C00292BF2 /* RegisterViewController.xib in Resources */,
				BAFF09FE1EE2930D003A351D /* shake_sound_male.wav in Resources */,
				BAFF09F41EE2930D003A351D /* call.caf in Resources */,
				BAFF0A051EE2930D003A351D /* moments.json in Resources */,
				BAD53D6E1EF020E500292BF2 /* heros.plist in Resources */,
				BA4F0B041EE304E90075534E /* PagedBasedApp.storyboard in Resources */,
				BAB4DE481EE286A800D26678 /* LaunchScreen.storyboard in Resources */,
				BAFF09F71EE2930D003A351D /* hello.amr in Resources */,
				BAFF09FA1EE2930D003A351D /* pstncall.mp3 in Resources */,
				BAB7C3481F00C0D8006B8D22 /* TSAppCodaViewController.xib in Resources */,
				BAFF09FD1EE2930D003A351D /* shake_nomatch.wav in Resources */,
				BABB9D3E1EE3ADEF00EF9071 /* SegmentedExampleViewController.xib in Resources */,
				BAFF09FB1EE2930D003A351D /* sendmsg.caf in Resources */,
				BAB4DE451EE286A800D26678 /* Assets.xcassets in Resources */,
				BA4F0B0E1EE306C90075534E /* SpotifyExampleViewController.xib in Resources */,
				BAB7C3691F00E043006B8D22 /* KivaLoanTableViewCell.xib in Resources */,
				BAFF097E1EE2930D003A351D /* Assets.xcassets in Resources */,
				BAFF09801EE2930D003A351D /* Main.storyboard in Resources */,
				BAB7C3591F00DB51006B8D22 /* Assets.xcassets in Resources */,
				BA4F0A9A1EE2E8BD0075534E /* samouraiTux.png in Resources */,
				BA4F0A971EE2E8BD0075534E /* matrixTux.png in Resources */,
				BAFF0A031EE2930D003A351D /* contact.json in Resources */,
				BAFF0A041EE2930D003A351D /* message.json in Resources */,
				BAFF09F51EE2930D003A351D /* camera.wav in Resources */,
				BA4F0A841EE2E59E0075534E /* IeeExportViewController.xib in Resources */,
				BA056F541EEEC9140002AA33 /* SortViewController.xib in Resources */,
				BAD53D841EF0435600292BF2 /* Spring.storyboard in Resources */,
				BAFF09F11EE2930D003A351D /* ToolsAnimation.plist in Resources */,
				BA4F0A991EE2E8BD0075534E /* ramboTux.png in Resources */,
				BA4F0A951EE2E8BD0075534E /* indianaTux.png in Resources */,
				BAFF097F1EE2930D003A351D /* LaunchScreen.storyboard in Resources */,
				BAFF0A071EE2930D003A351D /* Media.xcassets in Resources */,
				BAFF0A001EE2930D003A351D /* Expression.bundle in Resources */,
				BAFF09FF1EE2930D003A351D /* country_code.txt in Resources */,
				BA8989C81EFF6B0800F8C2F3 /* TSRxDiscoverViewController.xib in Resources */,
				BA4F0A9B1EE2E8BD0075534E /* scienceTux.png in Resources */,
				BAB7C3631F00DCBE006B8D22 /* Article2TableViewCell.xib in Resources */,
				BA4F0B1C1EE30B130075534E /* Assets.xcassets in Resources */,
				BA4F0A751EE2E24C0075534E /* InkExportViewController.xib in Resources */,
				BAB4DE431EE286A800D26678 /* Main.storyboard in Resources */,
				BAFF09F61EE2930D003A351D /* close.wav in Resources */,
				BA8989D91EFFA58000F8C2F3 /* Calculator.storyboard in Resources */,
				BAFF09C51EE2930D003A351D /* TSDiscoverViewController.xib in Resources */,
				BAFF09F91EE2930D003A351D /* msgtoolong.wav in Resources */,
				BA4F0A941EE2E8BD0075534E /* einsteinTux.png in Resources */,
				BAFF0A021EE2930D003A351D /* chat.json in Resources */,
				BAD53D781EF0266B00292BF2 /* LoginViewController.xib in Resources */,
				BAFF09C71EE2930D003A351D /* TSImageTextTableViewCell.xib in Resources */,
				BA4F0A981EE2E8BD0075534E /* Property List.plist in Resources */,
				BAFF0A011EE2930D003A351D /* Expression.plist in Resources */,
				BAFF09F81EE2930D003A351D /* msg.caf in Resources */,
				BAFF09F21EE2930D003A351D /* Assets.xcassets in Resources */,
				BA4F0A931EE2E8BD0075534E /* djTux.png in Resources */,
				BA4F0B201EE30B9F0075534E /* YoutubeIconCell.xib in Resources */,
			);
			runOnlyForDeploymentPostprocessing = 0;
		};
/* End PBXResourcesBuildPhase section */

/* Begin PBXShellScriptBuildPhase section */
		C9CD0ECDABC64EA4B9397CE9 /* [CP] Embed Pods Frameworks */ = {
			isa = PBXShellScriptBuildPhase;
			buildActionMask = 2147483647;
			files = (
			);
			inputPaths = (
			);
			name = "[CP] Embed Pods Frameworks";
			outputPaths = (
			);
			runOnlyForDeploymentPostprocessing = 0;
			shellPath = /bin/sh;
			shellScript = "\"${SRCROOT}/Pods/Target Support Files/Pods-ink_Swift/Pods-ink_Swift-frameworks.sh\"\n";
			showEnvVarsInLog = 0;
		};
		CFDB57E081C82CD227FB6EAE /* [CP] Check Pods Manifest.lock */ = {
			isa = PBXShellScriptBuildPhase;
			buildActionMask = 2147483647;
			files = (
			);
			inputPaths = (
			);
			name = "[CP] Check Pods Manifest.lock";
			outputPaths = (
			);
			runOnlyForDeploymentPostprocessing = 0;
			shellPath = /bin/sh;
			shellScript = "diff \"${PODS_ROOT}/../Podfile.lock\" \"${PODS_ROOT}/Manifest.lock\" > /dev/null\nif [ $? != 0 ] ; then\n    # print error to STDERR\n    echo \"error: The sandbox is not in sync with the Podfile.lock. Run 'pod install' or update your CocoaPods installation.\" >&2\n    exit 1\nfi\n";
			showEnvVarsInLog = 0;
		};
		D18FED8BE75FE699FCA9013B /* [CP] Copy Pods Resources */ = {
			isa = PBXShellScriptBuildPhase;
			buildActionMask = 2147483647;
			files = (
			);
			inputPaths = (
			);
			name = "[CP] Copy Pods Resources";
			outputPaths = (
			);
			runOnlyForDeploymentPostprocessing = 0;
			shellPath = /bin/sh;
			shellScript = "\"${SRCROOT}/Pods/Target Support Files/Pods-ink_Swift/Pods-ink_Swift-resources.sh\"\n";
			showEnvVarsInLog = 0;
		};
/* End PBXShellScriptBuildPhase section */

/* Begin PBXSourcesBuildPhase section */
		BAB4DE361EE286A800D26678 /* Sources */ = {
			isa = PBXSourcesBuildPhase;
			buildActionMask = 2147483647;
			files = (
				BAFF09B91EE2930D003A351D /* TSResponseSerializer.swift in Sources */,
				BAB4DE401EE286A800D26678 /* ViewController.swift in Sources */,
				BA056F501EEEC8FE0002AA33 /* SortView.swift in Sources */,
				BAFF09DB1EE2930D003A351D /* TSUIColor+WeChat.swift in Sources */,
				BA4F0A831EE2E59E0075534E /* IeeExportViewController.swift in Sources */,
				BAFF09DA1EE2930D003A351D /* TSProgressHUD.swift in Sources */,
				BAD53D831EF0435600292BF2 /* OptionsViewController.swift in Sources */,
				BA4F0A9F1EE2E9230075534E /* InkLee2ViewController.swift in Sources */,
				BAB7C3651F00E020006B8D22 /* KivaLoanTableViewController.swift in Sources */,
				BAD53D6D1EF020E500292BF2 /* Hero.swift in Sources */,
				BAFF09E41EE2930D003A351D /* UISearchBar+Extension.swift in Sources */,
				BAFF09DE1EE2930D003A351D /* AboutApp.swift in Sources */,
				BA8989D01EFFA2E900F8C2F3 /* SimpleValidationViewController.swift in Sources */,
				BA4F0B181EE3085B0075534E /* DataProvider.swift in Sources */,
				BA8989DB1EFFA63400F8C2F3 /* Observable+Extensions.swift in Sources */,
				BA4F0B191EE3085B0075534E /* PostCell.swift in Sources */,
				BAFF09BF1EE2930D003A351D /* TSModelTransformer.swift in Sources */,
				BAB7C3571F00DB23006B8D22 /* ArticleTableViewController.swift in Sources */,
				BAFF09BD1EE2930D003A351D /* TSMessageModel.swift in Sources */,
				BAD53D821EF0435600292BF2 /* CodeViewController.swift in Sources */,
				BA4F0B121EE308280075534E /* ChildExampleViewController.swift in Sources */,
				BAB7C3681F00E043006B8D22 /* KivaLoanTableViewCell.swift in Sources */,
				BAFF09B71EE2930D003A351D /* HttpManager+UploadImage.swift in Sources */,
				BAFF09EC1EE2930D003A351D /* RAMRotationAnimation.swift in Sources */,
				BAFF09DD1EE2930D003A351D /* TSUIImageVIew+WeChat.swift in Sources */,
				BAB7C3541F00D6EE006B8D22 /* AnimalTableTableViewController.swift in Sources */,
				BAD53D701EF020E500292BF2 /* LoginViewModel.swift in Sources */,
				BAFF09E21EE2930D003A351D /* PHAsset+Extension.swift in Sources */,
				BA056F531EEEC9140002AA33 /* SortViewController.swift in Sources */,
				BA4F0B0D1EE306C90075534E /* SpotifyExampleViewController.swift in Sources */,
				BAFF09E81EE2930D003A351D /* TSConfig.swift in Sources */,
				BAB7C36B1F00E0E5006B8D22 /* Loan.swift in Sources */,
				BAFF09F01EE2930D003A351D /* RAMItemAnimationProtocol.swift in Sources */,
				BA056F4F1EEEC8FE0002AA33 /* SortClass.swift in Sources */,
				BAB7C3621F00DCBE006B8D22 /* Article2TableViewCell.swift in Sources */,
				BAFF09B81EE2930D003A351D /* HttpManager.swift in Sources */,
				BAFF09E71EE2930D003A351D /* TSAppMacro.swift in Sources */,
				BAFF09E61EE2930D003A351D /* UIViewController+Extension.swift in Sources */,
				BAFF09D81EE2930D003A351D /* TSLogger.swift in Sources */,
				BAFF09D61EE2930D003A351D /* TSGlobalHelper.swift in Sources */,
				BA8989C71EFF6B0800F8C2F3 /* TSRxDiscoverViewController.swift in Sources */,
				BAFF09C41EE2930D003A351D /* TSDiscoverViewController.swift in Sources */,
				BA8989D71EFFA54100F8C2F3 /* Calculator.swift in Sources */,
				BAFF09BE1EE2930D003A351D /* TSModel.swift in Sources */,
				BAB4DE3E1EE286A800D26678 /* AppDelegate.swift in Sources */,
				BAD53D711EF020E500292BF2 /* Protocol.swift in Sources */,
				BAFF09E31EE2930D003A351D /* UIBarButtonItem+Block.swift in Sources */,
				BAD53D741EF020E500292BF2 /* Service.swift in Sources */,
				BA4F0A741EE2E24C0075534E /* InkExportViewController.swift in Sources */,
				BAFF09B61EE2930D003A351D /* HttpManager+UploadAudio.swift in Sources */,
				BAFF09C01EE2930D003A351D /* TSUploadModel.swift in Sources */,
				BAFF09EE1EE2930D003A351D /* RAMAnimatedTabBarController.swift in Sources */,
				BA056F4E1EEEC8FE0002AA33 /* Sort.swift in Sources */,
				BAFF09E11EE2930D003A351D /* NSObject+String.swift in Sources */,
				BAFF09EF1EE2930D003A351D /* RAMBadge.swift in Sources */,
				BA4F0B081EE304E90075534E /* ModelController.swift in Sources */,
				BAFF09EA1EE2930D003A351D /* RAMFrameItemAnimation.swift in Sources */,
				BAFF09DC1EE2930D003A351D /* TSUIImage+WeChat.swift in Sources */,
				BA8989CC1EFF9FDA00F8C2F3 /* NumbersViewController.swift in Sources */,
				BA8989D41EFFA51B00F8C2F3 /* CalculatorViewController.swift in Sources */,
				BAFF09E01EE2930D003A351D /* NSDictionary+Extension.swift in Sources */,
				BAD53D6F1EF020E500292BF2 /* LoginViewController.swift in Sources */,
				BAFF09DF1EE2930D003A351D /* NSDate+Extension.swift in Sources */,
				BAFF09D51EE2930D003A351D /* TSFullyHorizontalFlowLayout.swift in Sources */,
				BAB7C3471F00C0D8006B8D22 /* TSAppCodaViewController.swift in Sources */,
				BAD53D721EF020E500292BF2 /* RegisterViewController.swift in Sources */,
				BAFF09C31EE2930D003A351D /* TSUserManager.swift in Sources */,
				BABB9D3D1EE3ADEF00EF9071 /* SegmentedExampleViewController.swift in Sources */,
				BAFF09E91EE2930D003A351D /* RAMBounceAnimation.swift in Sources */,
				BAFF09C61EE2930D003A351D /* TSImageTextTableViewCell.swift in Sources */,
				BAFF09E51EE2930D003A351D /* UIView+Frame.swift in Sources */,
				BAFF09C11EE2930D003A351D /* TSApplicationManager.swift in Sources */,
				BAD53D731EF020E500292BF2 /* RegisterViewModel.swift in Sources */,
				BA4F0B1F1EE30B9F0075534E /* YoutubeIconCell.swift in Sources */,
				BA4F0B091EE304E90075534E /* RootViewController.swift in Sources */,
				BAFF09D71EE2930D003A351D /* TSImagePicker.swift in Sources */,
				BA4F0B051EE304E90075534E /* DataViewController.swift in Sources */,
				BAFF09EB1EE2930D003A351D /* RAMFumeAnimation.swift in Sources */,
				BA4F0B271EE30F4B0075534E /* InstagramExampleViewController.swift in Sources */,
				BA4F0B131EE308280075534E /* TableChildExampleViewController.swift in Sources */,
				BAD53D851EF0435600292BF2 /* SpringViewController.swift in Sources */,
				BAFF09ED1EE2930D003A351D /* RAMTransitionItemAnimations.swift in Sources */,
			);
			runOnlyForDeploymentPostprocessing = 0;
		};
/* End PBXSourcesBuildPhase section */

/* Begin PBXVariantGroup section */
		BA4F0AFB1EE304E90075534E /* PagedBasedApp.storyboard */ = {
			isa = PBXVariantGroup;
			children = (
				BA4F0AFC1EE304E90075534E /* Base */,
			);
			name = PagedBasedApp.storyboard;
			sourceTree = "<group>";
		};
		BAB4DE411EE286A800D26678 /* Main.storyboard */ = {
			isa = PBXVariantGroup;
			children = (
				BAB4DE421EE286A800D26678 /* Base */,
			);
			name = Main.storyboard;
			sourceTree = "<group>";
		};
		BAB4DE461EE286A800D26678 /* LaunchScreen.storyboard */ = {
			isa = PBXVariantGroup;
			children = (
				BAB4DE471EE286A800D26678 /* Base */,
			);
			name = LaunchScreen.storyboard;
			sourceTree = "<group>";
		};
		BAFF08D41EE2930C003A351D /* LaunchScreen.storyboard */ = {
			isa = PBXVariantGroup;
			children = (
				BAFF08D51EE2930C003A351D /* Base */,
			);
			name = LaunchScreen.storyboard;
			sourceTree = "<group>";
		};
		BAFF08D61EE2930C003A351D /* Main.storyboard */ = {
			isa = PBXVariantGroup;
			children = (
				BAFF08D71EE2930C003A351D /* Base */,
			);
			name = Main.storyboard;
			sourceTree = "<group>";
		};
/* End PBXVariantGroup section */

/* Begin XCBuildConfiguration section */
		BAB4DE4A1EE286A800D26678 /* Debug */ = {
			isa = XCBuildConfiguration;
			buildSettings = {
				ALWAYS_SEARCH_USER_PATHS = NO;
				CLANG_ANALYZER_NONNULL = YES;
				CLANG_ANALYZER_NUMBER_OBJECT_CONVERSION = YES_AGGRESSIVE;
				CLANG_CXX_LANGUAGE_STANDARD = "gnu++0x";
				CLANG_CXX_LIBRARY = "libc++";
				CLANG_ENABLE_MODULES = YES;
				CLANG_ENABLE_OBJC_ARC = YES;
				CLANG_WARN_BOOL_CONVERSION = YES;
				CLANG_WARN_CONSTANT_CONVERSION = YES;
				CLANG_WARN_DIRECT_OBJC_ISA_USAGE = YES_ERROR;
				CLANG_WARN_DOCUMENTATION_COMMENTS = YES;
				CLANG_WARN_EMPTY_BODY = YES;
				CLANG_WARN_ENUM_CONVERSION = YES;
				CLANG_WARN_INFINITE_RECURSION = YES;
				CLANG_WARN_INT_CONVERSION = YES;
				CLANG_WARN_OBJC_ROOT_CLASS = YES_ERROR;
				CLANG_WARN_SUSPICIOUS_MOVE = YES;
				CLANG_WARN_UNREACHABLE_CODE = YES;
				CLANG_WARN__DUPLICATE_METHOD_MATCH = YES;
				"CODE_SIGN_IDENTITY[sdk=iphoneos*]" = "iPhone Developer";
				COPY_PHASE_STRIP = NO;
				DEBUG_INFORMATION_FORMAT = dwarf;
				ENABLE_STRICT_OBJC_MSGSEND = YES;
				ENABLE_TESTABILITY = YES;
				GCC_C_LANGUAGE_STANDARD = gnu99;
				GCC_DYNAMIC_NO_PIC = NO;
				GCC_NO_COMMON_BLOCKS = YES;
				GCC_OPTIMIZATION_LEVEL = 0;
				GCC_PREPROCESSOR_DEFINITIONS = (
					"DEBUG=1",
					"$(inherited)",
				);
				GCC_WARN_64_TO_32_BIT_CONVERSION = YES;
				GCC_WARN_ABOUT_RETURN_TYPE = YES_ERROR;
				GCC_WARN_UNDECLARED_SELECTOR = YES;
				GCC_WARN_UNINITIALIZED_AUTOS = YES_AGGRESSIVE;
				GCC_WARN_UNUSED_FUNCTION = YES;
				GCC_WARN_UNUSED_VARIABLE = YES;
				IPHONEOS_DEPLOYMENT_TARGET = 10.3;
				MTL_ENABLE_DEBUG_INFO = YES;
				ONLY_ACTIVE_ARCH = YES;
				SDKROOT = iphoneos;
				SWIFT_ACTIVE_COMPILATION_CONDITIONS = DEBUG;
				SWIFT_OPTIMIZATION_LEVEL = "-Onone";
			};
			name = Debug;
		};
		BAB4DE4B1EE286A800D26678 /* Release */ = {
			isa = XCBuildConfiguration;
			buildSettings = {
				ALWAYS_SEARCH_USER_PATHS = NO;
				CLANG_ANALYZER_NONNULL = YES;
				CLANG_ANALYZER_NUMBER_OBJECT_CONVERSION = YES_AGGRESSIVE;
				CLANG_CXX_LANGUAGE_STANDARD = "gnu++0x";
				CLANG_CXX_LIBRARY = "libc++";
				CLANG_ENABLE_MODULES = YES;
				CLANG_ENABLE_OBJC_ARC = YES;
				CLANG_WARN_BOOL_CONVERSION = YES;
				CLANG_WARN_CONSTANT_CONVERSION = YES;
				CLANG_WARN_DIRECT_OBJC_ISA_USAGE = YES_ERROR;
				CLANG_WARN_DOCUMENTATION_COMMENTS = YES;
				CLANG_WARN_EMPTY_BODY = YES;
				CLANG_WARN_ENUM_CONVERSION = YES;
				CLANG_WARN_INFINITE_RECURSION = YES;
				CLANG_WARN_INT_CONVERSION = YES;
				CLANG_WARN_OBJC_ROOT_CLASS = YES_ERROR;
				CLANG_WARN_SUSPICIOUS_MOVE = YES;
				CLANG_WARN_UNREACHABLE_CODE = YES;
				CLANG_WARN__DUPLICATE_METHOD_MATCH = YES;
				"CODE_SIGN_IDENTITY[sdk=iphoneos*]" = "iPhone Developer";
				COPY_PHASE_STRIP = NO;
				DEBUG_INFORMATION_FORMAT = "dwarf-with-dsym";
				ENABLE_NS_ASSERTIONS = NO;
				ENABLE_STRICT_OBJC_MSGSEND = YES;
				GCC_C_LANGUAGE_STANDARD = gnu99;
				GCC_NO_COMMON_BLOCKS = YES;
				GCC_WARN_64_TO_32_BIT_CONVERSION = YES;
				GCC_WARN_ABOUT_RETURN_TYPE = YES_ERROR;
				GCC_WARN_UNDECLARED_SELECTOR = YES;
				GCC_WARN_UNINITIALIZED_AUTOS = YES_AGGRESSIVE;
				GCC_WARN_UNUSED_FUNCTION = YES;
				GCC_WARN_UNUSED_VARIABLE = YES;
				IPHONEOS_DEPLOYMENT_TARGET = 10.3;
				MTL_ENABLE_DEBUG_INFO = NO;
				SDKROOT = iphoneos;
				SWIFT_OPTIMIZATION_LEVEL = "-Owholemodule";
				VALIDATE_PRODUCT = YES;
			};
			name = Release;
		};
		BAB4DE4D1EE286A800D26678 /* Debug */ = {
			isa = XCBuildConfiguration;
			baseConfigurationReference = F425827B133C38BDF6266895 /* Pods-ink_Swift.debug.xcconfig */;
			buildSettings = {
				ASSETCATALOG_COMPILER_APPICON_NAME = AppIcon;
				INFOPLIST_FILE = ink_Swift/Info.plist;
				LD_RUNPATH_SEARCH_PATHS = "$(inherited) @executable_path/Frameworks";
				PRODUCT_BUNDLE_IDENTIFIER = "com.sf.InkStone.ink-Swift";
				PRODUCT_NAME = "$(TARGET_NAME)";
				SWIFT_OBJC_BRIDGING_HEADER = "$(SRCROOT)/ink_Swift/Resources/ink_Bridging_Header.h";
				SWIFT_VERSION = 3.0;
			};
			name = Debug;
		};
		BAB4DE4E1EE286A800D26678 /* Release */ = {
			isa = XCBuildConfiguration;
			baseConfigurationReference = 9BBEEBDE126F0E6C342F9BF3 /* Pods-ink_Swift.release.xcconfig */;
			buildSettings = {
				ASSETCATALOG_COMPILER_APPICON_NAME = AppIcon;
				INFOPLIST_FILE = ink_Swift/Info.plist;
				LD_RUNPATH_SEARCH_PATHS = "$(inherited) @executable_path/Frameworks";
				PRODUCT_BUNDLE_IDENTIFIER = "com.sf.InkStone.ink-Swift";
				PRODUCT_NAME = "$(TARGET_NAME)";
				SWIFT_OBJC_BRIDGING_HEADER = "$(SRCROOT)/ink_Swift/Resources/ink_Bridging_Header.h";
				SWIFT_VERSION = 3.0;
			};
			name = Release;
		};
/* End XCBuildConfiguration section */

/* Begin XCConfigurationList section */
		BAB4DE351EE286A800D26678 /* Build configuration list for PBXProject "ink_Swift" */ = {
			isa = XCConfigurationList;
			buildConfigurations = (
				BAB4DE4A1EE286A800D26678 /* Debug */,
				BAB4DE4B1EE286A800D26678 /* Release */,
			);
			defaultConfigurationIsVisible = 0;
			defaultConfigurationName = Release;
		};
		BAB4DE4C1EE286A800D26678 /* Build configuration list for PBXNativeTarget "ink_Swift" */ = {
			isa = XCConfigurationList;
			buildConfigurations = (
				BAB4DE4D1EE286A800D26678 /* Debug */,
				BAB4DE4E1EE286A800D26678 /* Release */,
			);
			defaultConfigurationIsVisible = 0;
			defaultConfigurationName = Release;
		};
/* End XCConfigurationList section */
	};
	rootObject = BAB4DE321EE286A800D26678 /* Project object */;
}
